// !$*UTF8*$!
{
	archiveVersion = 1;
	classes = {
	};
	objectVersion = 46;
	objects = {

/* Begin PBXBuildFile section */
		60F3D1B31844EEFB00BBF467 /* temp.jpg in Resources */ = {isa = PBXBuildFile; fileRef = 60F3D1B21844EEFB00BBF467 /* temp.jpg */; };
		709DC0ED1844AD9A0073F1B1 /* drawingBoardView.m in Sources */ = {isa = PBXBuildFile; fileRef = 709DC0EA1844AD9A0073F1B1 /* drawingBoardView.m */; };
		709DC0EE1844AD9A0073F1B1 /* CGPointExtension.m in Sources */ = {isa = PBXBuildFile; fileRef = 709DC0EC1844AD9A0073F1B1 /* CGPointExtension.m */; };
		70ACF0141845F4A600BBF869 /* colorViewController.m in Sources */ = {isa = PBXBuildFile; fileRef = 70ACF0121845F4A600BBF869 /* colorViewController.m */; };
		70ACF0151845F4A600BBF869 /* colorViewController.xib in Resources */ = {isa = PBXBuildFile; fileRef = 70ACF0131845F4A600BBF869 /* colorViewController.xib */; };
		70B746DC1845CA1D007AA2D9 /* 124981616_11n.png in Resources */ = {isa = PBXBuildFile; fileRef = 70B746921845CA1D007AA2D9 /* 124981616_11n.png */; };
		70B746DD1845CA1D007AA2D9 /* 124981616_11n@2x.png in Resources */ = {isa = PBXBuildFile; fileRef = 70B746931845CA1D007AA2D9 /* 124981616_11n@2x.png */; };
		70B746DE1845CA1D007AA2D9 /* Aa.png in Resources */ = {isa = PBXBuildFile; fileRef = 70B746941845CA1D007AA2D9 /* Aa.png */; };
		70B746DF1845CA1D007AA2D9 /* Aa@2x.png in Resources */ = {isa = PBXBuildFile; fileRef = 70B746951845CA1D007AA2D9 /* Aa@2x.png */; };
		70B746E01845CA1D007AA2D9 /* back.png in Resources */ = {isa = PBXBuildFile; fileRef = 70B746961845CA1D007AA2D9 /* back.png */; };
		70B746E11845CA1D007AA2D9 /* back@2x.png in Resources */ = {isa = PBXBuildFile; fileRef = 70B746971845CA1D007AA2D9 /* back@2x.png */; };
		70B746E41845CA1D007AA2D9 /* done.png in Resources */ = {isa = PBXBuildFile; fileRef = 70B7469A1845CA1D007AA2D9 /* done.png */; };
		70B746E51845CA1D007AA2D9 /* done@2x.png in Resources */ = {isa = PBXBuildFile; fileRef = 70B7469B1845CA1D007AA2D9 /* done@2x.png */; };
		70B746E61845CA1D007AA2D9 /* era1.png in Resources */ = {isa = PBXBuildFile; fileRef = 70B7469C1845CA1D007AA2D9 /* era1.png */; };
		70B746E71845CA1D007AA2D9 /* era1@2x.png in Resources */ = {isa = PBXBuildFile; fileRef = 70B7469D1845CA1D007AA2D9 /* era1@2x.png */; };
		70B746E81845CA1D007AA2D9 /* era2.png in Resources */ = {isa = PBXBuildFile; fileRef = 70B7469E1845CA1D007AA2D9 /* era2.png */; };
		70B746E91845CA1D007AA2D9 /* era2@2x.png in Resources */ = {isa = PBXBuildFile; fileRef = 70B7469F1845CA1D007AA2D9 /* era2@2x.png */; };
		70B746EA1845CA1D007AA2D9 /* era3.png in Resources */ = {isa = PBXBuildFile; fileRef = 70B746A01845CA1D007AA2D9 /* era3.png */; };
		70B746EB1845CA1D007AA2D9 /* era3@2x.png in Resources */ = {isa = PBXBuildFile; fileRef = 70B746A11845CA1D007AA2D9 /* era3@2x.png */; };
		70B746EC1845CA1D007AA2D9 /* era4.png in Resources */ = {isa = PBXBuildFile; fileRef = 70B746A21845CA1D007AA2D9 /* era4.png */; };
		70B746ED1845CA1D007AA2D9 /* era4@2x.png in Resources */ = {isa = PBXBuildFile; fileRef = 70B746A31845CA1D007AA2D9 /* era4@2x.png */; };
		70B746EE1845CA1D007AA2D9 /* eraser.png in Resources */ = {isa = PBXBuildFile; fileRef = 70B746A41845CA1D007AA2D9 /* eraser.png */; };
		70B746EF1845CA1D007AA2D9 /* eraser@2x.png in Resources */ = {isa = PBXBuildFile; fileRef = 70B746A51845CA1D007AA2D9 /* eraser@2x.png */; };
		70B746F01845CA1D007AA2D9 /* Frame.png in Resources */ = {isa = PBXBuildFile; fileRef = 70B746A61845CA1D007AA2D9 /* Frame.png */; };
		70B746F11845CA1D007AA2D9 /* Frame@2x.png in Resources */ = {isa = PBXBuildFile; fileRef = 70B746A71845CA1D007AA2D9 /* Frame@2x.png */; };
		70B746F21845CA1D007AA2D9 /* marker-high.png in Resources */ = {isa = PBXBuildFile; fileRef = 70B746A81845CA1D007AA2D9 /* marker-high.png */; };
		70B746F31845CA1D007AA2D9 /* marker-high@2x.png in Resources */ = {isa = PBXBuildFile; fileRef = 70B746A91845CA1D007AA2D9 /* marker-high@2x.png */; };
		70B746F41845CA1D007AA2D9 /* marker.png in Resources */ = {isa = PBXBuildFile; fileRef = 70B746AA1845CA1D007AA2D9 /* marker.png */; };
		70B746F51845CA1D007AA2D9 /* marker@2x.png in Resources */ = {isa = PBXBuildFile; fileRef = 70B746AB1845CA1D007AA2D9 /* marker@2x.png */; };
		70B746F61845CA1D007AA2D9 /* pen-high.png in Resources */ = {isa = PBXBuildFile; fileRef = 70B746AC1845CA1D007AA2D9 /* pen-high.png */; };
		70B746F71845CA1D007AA2D9 /* pen-high@2x.png in Resources */ = {isa = PBXBuildFile; fileRef = 70B746AD1845CA1D007AA2D9 /* pen-high@2x.png */; };
		70B746F81845CA1D007AA2D9 /* pen.png in Resources */ = {isa = PBXBuildFile; fileRef = 70B746AE1845CA1D007AA2D9 /* pen.png */; };
		70B746F91845CA1D007AA2D9 /* pen@2x.png in Resources */ = {isa = PBXBuildFile; fileRef = 70B746AF1845CA1D007AA2D9 /* pen@2x.png */; };
		70B746FA1845CA1D007AA2D9 /* pencl-high.png in Resources */ = {isa = PBXBuildFile; fileRef = 70B746B01845CA1D007AA2D9 /* pencl-high.png */; };
		70B746FB1845CA1D007AA2D9 /* pencl-high@2x.png in Resources */ = {isa = PBXBuildFile; fileRef = 70B746B11845CA1D007AA2D9 /* pencl-high@2x.png */; };
		70B746FC1845CA1D007AA2D9 /* pencl.png in Resources */ = {isa = PBXBuildFile; fileRef = 70B746B21845CA1D007AA2D9 /* pencl.png */; };
		70B746FD1845CA1D007AA2D9 /* pencl@2x.png in Resources */ = {isa = PBXBuildFile; fileRef = 70B746B31845CA1D007AA2D9 /* pencl@2x.png */; };
		70B746FE1845CA1D007AA2D9 /* Shape-46.png in Resources */ = {isa = PBXBuildFile; fileRef = 70B746B41845CA1D007AA2D9 /* Shape-46.png */; };
		70B746FF1845CA1D007AA2D9 /* Shape-46@2x.png in Resources */ = {isa = PBXBuildFile; fileRef = 70B746B51845CA1D007AA2D9 /* Shape-46@2x.png */; };
		70B747001845CA1D007AA2D9 /* color_show.png in Resources */ = {isa = PBXBuildFile; fileRef = 70B746B61845CA1D007AA2D9 /* color_show.png */; };
		70B747011845CA1D007AA2D9 /* color_show@2x.png in Resources */ = {isa = PBXBuildFile; fileRef = 70B746B71845CA1D007AA2D9 /* color_show@2x.png */; };
		70B747021845CA1D007AA2D9 /* Sticker.png in Resources */ = {isa = PBXBuildFile; fileRef = 70B746B81845CA1D007AA2D9 /* Sticker.png */; };
		70B747031845CA1D007AA2D9 /* Sticker@2x.png in Resources */ = {isa = PBXBuildFile; fileRef = 70B746B91845CA1D007AA2D9 /* Sticker@2x.png */; };
		70B747041845CA1D007AA2D9 /* tools-bar-2.png in Resources */ = {isa = PBXBuildFile; fileRef = 70B746BA1845CA1D007AA2D9 /* tools-bar-2.png */; };
		70B747051845CA1D007AA2D9 /* tools-bar-2@2x.png in Resources */ = {isa = PBXBuildFile; fileRef = 70B746BB1845CA1D007AA2D9 /* tools-bar-2@2x.png */; };
		70B747061845CA1D007AA2D9 /* tools-bar.png in Resources */ = {isa = PBXBuildFile; fileRef = 70B746BC1845CA1D007AA2D9 /* tools-bar.png */; };
		70B747071845CA1D007AA2D9 /* tools-bar@2x.png in Resources */ = {isa = PBXBuildFile; fileRef = 70B746BD1845CA1D007AA2D9 /* tools-bar@2x.png */; };
		70B747081845CA1D007AA2D9 /* undo-button.png in Resources */ = {isa = PBXBuildFile; fileRef = 70B746BE1845CA1D007AA2D9 /* undo-button.png */; };
		70B747091845CA1D007AA2D9 /* undo-button@2x.png in Resources */ = {isa = PBXBuildFile; fileRef = 70B746BF1845CA1D007AA2D9 /* undo-button@2x.png */; };
		70B7470A1845CA1D007AA2D9 /* emotion-high.png in Resources */ = {isa = PBXBuildFile; fileRef = 70B746C11845CA1D007AA2D9 /* emotion-high.png */; };
		70B7470B1845CA1D007AA2D9 /* emotion.png in Resources */ = {isa = PBXBuildFile; fileRef = 70B746C21845CA1D007AA2D9 /* emotion.png */; };
		70B7470C1845CA1D007AA2D9 /* Free.png in Resources */ = {isa = PBXBuildFile; fileRef = 70B746C31845CA1D007AA2D9 /* Free.png */; };
		70B7470D1845CA1D007AA2D9 /* ground.png in Resources */ = {isa = PBXBuildFile; fileRef = 70B746C41845CA1D007AA2D9 /* ground.png */; };
		70B7470E1845CA1D007AA2D9 /* group-bar.png in Resources */ = {isa = PBXBuildFile; fileRef = 70B746C51845CA1D007AA2D9 /* group-bar.png */; };
		70B7470F1845CA1D007AA2D9 /* New!.png in Resources */ = {isa = PBXBuildFile; fileRef = 70B746C61845CA1D007AA2D9 /* New!.png */; };
		70B747101845CA1D007AA2D9 /* Shape-73.png in Resources */ = {isa = PBXBuildFile; fileRef = 70B746C71845CA1D007AA2D9 /* Shape-73.png */; };
		70B747111845CA1D007AA2D9 /* Stickers.png in Resources */ = {isa = PBXBuildFile; fileRef = 70B746C81845CA1D007AA2D9 /* Stickers.png */; };
		70B747121845CA1D007AA2D9 /* close.png in Resources */ = {isa = PBXBuildFile; fileRef = 70B746CA1845CA1D007AA2D9 /* close.png */; };
		70B747131845CA1D007AA2D9 /* edit3-bar.png in Resources */ = {isa = PBXBuildFile; fileRef = 70B746CB1845CA1D007AA2D9 /* edit3-bar.png */; };
		70B747141845CA1D007AA2D9 /* text-box.png in Resources */ = {isa = PBXBuildFile; fileRef = 70B746CC1845CA1D007AA2D9 /* text-box.png */; };
		70B747151845CA1D007AA2D9 /* text-line.png in Resources */ = {isa = PBXBuildFile; fileRef = 70B746CD1845CA1D007AA2D9 /* text-line.png */; };
		70B747161845CA1D007AA2D9 /* text-shape-high.png in Resources */ = {isa = PBXBuildFile; fileRef = 70B746CE1845CA1D007AA2D9 /* text-shape-high.png */; };
		70B747171845CA1D007AA2D9 /* text-shape.png in Resources */ = {isa = PBXBuildFile; fileRef = 70B746CF1845CA1D007AA2D9 /* text-shape.png */; };
		70B747181845CA1D007AA2D9 /* text1-high.png in Resources */ = {isa = PBXBuildFile; fileRef = 70B746D01845CA1D007AA2D9 /* text1-high.png */; };
		70B747191845CA1D007AA2D9 /* text1.png in Resources */ = {isa = PBXBuildFile; fileRef = 70B746D11845CA1D007AA2D9 /* text1.png */; };
		70B7471A1845CA1D007AA2D9 /* text2-high.png in Resources */ = {isa = PBXBuildFile; fileRef = 70B746D21845CA1D007AA2D9 /* text2-high.png */; };
		70B7471B1845CA1D007AA2D9 /* text2.png in Resources */ = {isa = PBXBuildFile; fileRef = 70B746D31845CA1D007AA2D9 /* text2.png */; };
		70B7471C1845CA1D007AA2D9 /* text3-high.png in Resources */ = {isa = PBXBuildFile; fileRef = 70B746D41845CA1D007AA2D9 /* text3-high.png */; };
		70B7471D1845CA1D007AA2D9 /* text3.png in Resources */ = {isa = PBXBuildFile; fileRef = 70B746D51845CA1D007AA2D9 /* text3.png */; };
		70B7471E1845CA1D007AA2D9 /* text4-high.png in Resources */ = {isa = PBXBuildFile; fileRef = 70B746D61845CA1D007AA2D9 /* text4-high.png */; };
		70B7471F1845CA1D007AA2D9 /* text4.png in Resources */ = {isa = PBXBuildFile; fileRef = 70B746D71845CA1D007AA2D9 /* text4.png */; };
		70B747201845CA1D007AA2D9 /* text5-high.png in Resources */ = {isa = PBXBuildFile; fileRef = 70B746D81845CA1D007AA2D9 /* text5-high.png */; };
		70B747211845CA1D007AA2D9 /* text5.png in Resources */ = {isa = PBXBuildFile; fileRef = 70B746D91845CA1D007AA2D9 /* text5.png */; };
		70B747221845CA1D007AA2D9 /* eraser2.png in Resources */ = {isa = PBXBuildFile; fileRef = 70B746DA1845CA1D007AA2D9 /* eraser2.png */; };
		70B747231845CA1D007AA2D9 /* eraser2@2x.png in Resources */ = {isa = PBXBuildFile; fileRef = 70B746DB1845CA1D007AA2D9 /* eraser2@2x.png */; };
		70B747281845CB95007AA2D9 /* drawBoardViewController.m in Sources */ = {isa = PBXBuildFile; fileRef = 70B747261845CB95007AA2D9 /* drawBoardViewController.m */; };
		70B747291845CB95007AA2D9 /* drawBoardViewController.xib in Resources */ = {isa = PBXBuildFile; fileRef = 70B747271845CB95007AA2D9 /* drawBoardViewController.xib */; };
		70B7472C1845CBC8007AA2D9 /* 编辑.png in Resources */ = {isa = PBXBuildFile; fileRef = 70B7472A1845CBC8007AA2D9 /* 编辑.png */; };
		70B7472D1845CBC8007AA2D9 /* 编辑@2x.png in Resources */ = {isa = PBXBuildFile; fileRef = 70B7472B1845CBC8007AA2D9 /* 编辑@2x.png */; };
		70B7472F1845E060007AA2D9 /* 001@2x.png in Resources */ = {isa = PBXBuildFile; fileRef = 70B7472E1845E060007AA2D9 /* 001@2x.png */; };
		70CA425918449E1700CDEAEA /* rootViewController.m in Sources */ = {isa = PBXBuildFile; fileRef = 70CA425718449E1700CDEAEA /* rootViewController.m */; };
		70CA425A18449E1700CDEAEA /* rootViewController.xib in Resources */ = {isa = PBXBuildFile; fileRef = 70CA425818449E1700CDEAEA /* rootViewController.xib */; };
		70E31533184477240045E4B8 /* Foundation.framework in Frameworks */ = {isa = PBXBuildFile; fileRef = 70E31532184477240045E4B8 /* Foundation.framework */; };
		70E31535184477240045E4B8 /* CoreGraphics.framework in Frameworks */ = {isa = PBXBuildFile; fileRef = 70E31534184477240045E4B8 /* CoreGraphics.framework */; };
		70E31537184477240045E4B8 /* UIKit.framework in Frameworks */ = {isa = PBXBuildFile; fileRef = 70E31536184477240045E4B8 /* UIKit.framework */; };
		70E3153D184477240045E4B8 /* InfoPlist.strings in Resources */ = {isa = PBXBuildFile; fileRef = 70E3153B184477240045E4B8 /* InfoPlist.strings */; };
		70E3153F184477240045E4B8 /* main.m in Sources */ = {isa = PBXBuildFile; fileRef = 70E3153E184477240045E4B8 /* main.m */; };
		70E31543184477240045E4B8 /* AppDelegate.m in Sources */ = {isa = PBXBuildFile; fileRef = 70E31542184477240045E4B8 /* AppDelegate.m */; };
		70E31545184477240045E4B8 /* Images.xcassets in Resources */ = {isa = PBXBuildFile; fileRef = 70E31544184477240045E4B8 /* Images.xcassets */; };
		70E3154C184477240045E4B8 /* XCTest.framework in Frameworks */ = {isa = PBXBuildFile; fileRef = 70E3154B184477240045E4B8 /* XCTest.framework */; };
		70E3154D184477240045E4B8 /* Foundation.framework in Frameworks */ = {isa = PBXBuildFile; fileRef = 70E31532184477240045E4B8 /* Foundation.framework */; };
		70E3154E184477240045E4B8 /* UIKit.framework in Frameworks */ = {isa = PBXBuildFile; fileRef = 70E31536184477240045E4B8 /* UIKit.framework */; };
		70E31556184477240045E4B8 /* InfoPlist.strings in Resources */ = {isa = PBXBuildFile; fileRef = 70E31554184477240045E4B8 /* InfoPlist.strings */; };
		70E31558184477240045E4B8 /* GoTuTests.m in Sources */ = {isa = PBXBuildFile; fileRef = 70E31557184477240045E4B8 /* GoTuTests.m */; };
		98D1ACD4EA3949D980684B22 /* libPods.a in Frameworks */ = {isa = PBXBuildFile; fileRef = E0E64400A2834000BA640E49 /* libPods.a */; };
/* End PBXBuildFile section */

/* Begin PBXContainerItemProxy section */
		70E3154F184477240045E4B8 /* PBXContainerItemProxy */ = {
			isa = PBXContainerItemProxy;
			containerPortal = 70E31527184477240045E4B8 /* Project object */;
			proxyType = 1;
			remoteGlobalIDString = 70E3152E184477240045E4B8;
			remoteInfo = GoTu;
		};
/* End PBXContainerItemProxy section */

/* Begin PBXFileReference section */
		1381D8A738FB44D1BDE718F5 /* Pods.xcconfig */ = {isa = PBXFileReference; includeInIndex = 1; lastKnownFileType = text.xcconfig; name = Pods.xcconfig; path = Pods/Pods.xcconfig; sourceTree = "<group>"; };
		60F3D1B21844EEFB00BBF467 /* temp.jpg */ = {isa = PBXFileReference; lastKnownFileType = image.jpeg; path = temp.jpg; sourceTree = "<group>"; };
		709DC0E91844AD9A0073F1B1 /* drawingBoardView.h */ = {isa = PBXFileReference; fileEncoding = 4; lastKnownFileType = sourcecode.c.h; path = drawingBoardView.h; sourceTree = "<group>"; };
		709DC0EA1844AD9A0073F1B1 /* drawingBoardView.m */ = {isa = PBXFileReference; fileEncoding = 4; lastKnownFileType = sourcecode.c.objc; path = drawingBoardView.m; sourceTree = "<group>"; };
		709DC0EB1844AD9A0073F1B1 /* CGPointExtension.h */ = {isa = PBXFileReference; fileEncoding = 4; lastKnownFileType = sourcecode.c.h; path = CGPointExtension.h; sourceTree = "<group>"; };
		709DC0EC1844AD9A0073F1B1 /* CGPointExtension.m */ = {isa = PBXFileReference; fileEncoding = 4; lastKnownFileType = sourcecode.c.objc; path = CGPointExtension.m; sourceTree = "<group>"; };
		70ACF0111845F4A600BBF869 /* colorViewController.h */ = {isa = PBXFileReference; fileEncoding = 4; lastKnownFileType = sourcecode.c.h; path = colorViewController.h; sourceTree = "<group>"; };
		70ACF0121845F4A600BBF869 /* colorViewController.m */ = {isa = PBXFileReference; fileEncoding = 4; lastKnownFileType = sourcecode.c.objc; path = colorViewController.m; sourceTree = "<group>"; };
		70ACF0131845F4A600BBF869 /* colorViewController.xib */ = {isa = PBXFileReference; fileEncoding = 4; lastKnownFileType = file.xib; path = colorViewController.xib; sourceTree = "<group>"; };
		70B746921845CA1D007AA2D9 /* 124981616_11n.png */ = {isa = PBXFileReference; lastKnownFileType = image.png; path = 124981616_11n.png; sourceTree = "<group>"; };
		70B746931845CA1D007AA2D9 /* 124981616_11n@2x.png */ = {isa = PBXFileReference; lastKnownFileType = image.png; path = "124981616_11n@2x.png"; sourceTree = "<group>"; };
		70B746941845CA1D007AA2D9 /* Aa.png */ = {isa = PBXFileReference; lastKnownFileType = image.png; path = Aa.png; sourceTree = "<group>"; };
		70B746951845CA1D007AA2D9 /* Aa@2x.png */ = {isa = PBXFileReference; lastKnownFileType = image.png; path = "Aa@2x.png"; sourceTree = "<group>"; };
		70B746961845CA1D007AA2D9 /* back.png */ = {isa = PBXFileReference; lastKnownFileType = image.png; path = back.png; sourceTree = "<group>"; };
		70B746971845CA1D007AA2D9 /* back@2x.png */ = {isa = PBXFileReference; lastKnownFileType = image.png; path = "back@2x.png"; sourceTree = "<group>"; };
		70B7469A1845CA1D007AA2D9 /* done.png */ = {isa = PBXFileReference; lastKnownFileType = image.png; path = done.png; sourceTree = "<group>"; };
		70B7469B1845CA1D007AA2D9 /* done@2x.png */ = {isa = PBXFileReference; lastKnownFileType = image.png; path = "done@2x.png"; sourceTree = "<group>"; };
		70B7469C1845CA1D007AA2D9 /* era1.png */ = {isa = PBXFileReference; lastKnownFileType = image.png; path = era1.png; sourceTree = "<group>"; };
		70B7469D1845CA1D007AA2D9 /* era1@2x.png */ = {isa = PBXFileReference; lastKnownFileType = image.png; path = "era1@2x.png"; sourceTree = "<group>"; };
		70B7469E1845CA1D007AA2D9 /* era2.png */ = {isa = PBXFileReference; lastKnownFileType = image.png; path = era2.png; sourceTree = "<group>"; };
		70B7469F1845CA1D007AA2D9 /* era2@2x.png */ = {isa = PBXFileReference; lastKnownFileType = image.png; path = "era2@2x.png"; sourceTree = "<group>"; };
		70B746A01845CA1D007AA2D9 /* era3.png */ = {isa = PBXFileReference; lastKnownFileType = image.png; path = era3.png; sourceTree = "<group>"; };
		70B746A11845CA1D007AA2D9 /* era3@2x.png */ = {isa = PBXFileReference; lastKnownFileType = image.png; path = "era3@2x.png"; sourceTree = "<group>"; };
		70B746A21845CA1D007AA2D9 /* era4.png */ = {isa = PBXFileReference; lastKnownFileType = image.png; path = era4.png; sourceTree = "<group>"; };
		70B746A31845CA1D007AA2D9 /* era4@2x.png */ = {isa = PBXFileReference; lastKnownFileType = image.png; path = "era4@2x.png"; sourceTree = "<group>"; };
		70B746A41845CA1D007AA2D9 /* eraser.png */ = {isa = PBXFileReference; lastKnownFileType = image.png; path = eraser.png; sourceTree = "<group>"; };
		70B746A51845CA1D007AA2D9 /* eraser@2x.png */ = {isa = PBXFileReference; lastKnownFileType = image.png; path = "eraser@2x.png"; sourceTree = "<group>"; };
		70B746A61845CA1D007AA2D9 /* Frame.png */ = {isa = PBXFileReference; lastKnownFileType = image.png; path = Frame.png; sourceTree = "<group>"; };
		70B746A71845CA1D007AA2D9 /* Frame@2x.png */ = {isa = PBXFileReference; lastKnownFileType = image.png; path = "Frame@2x.png"; sourceTree = "<group>"; };
		70B746A81845CA1D007AA2D9 /* marker-high.png */ = {isa = PBXFileReference; lastKnownFileType = image.png; path = "marker-high.png"; sourceTree = "<group>"; };
		70B746A91845CA1D007AA2D9 /* marker-high@2x.png */ = {isa = PBXFileReference; lastKnownFileType = image.png; path = "marker-high@2x.png"; sourceTree = "<group>"; };
		70B746AA1845CA1D007AA2D9 /* marker.png */ = {isa = PBXFileReference; lastKnownFileType = image.png; path = marker.png; sourceTree = "<group>"; };
		70B746AB1845CA1D007AA2D9 /* marker@2x.png */ = {isa = PBXFileReference; lastKnownFileType = image.png; path = "marker@2x.png"; sourceTree = "<group>"; };
		70B746AC1845CA1D007AA2D9 /* pen-high.png */ = {isa = PBXFileReference; lastKnownFileType = image.png; path = "pen-high.png"; sourceTree = "<group>"; };
		70B746AD1845CA1D007AA2D9 /* pen-high@2x.png */ = {isa = PBXFileReference; lastKnownFileType = image.png; path = "pen-high@2x.png"; sourceTree = "<group>"; };
		70B746AE1845CA1D007AA2D9 /* pen.png */ = {isa = PBXFileReference; lastKnownFileType = image.png; path = pen.png; sourceTree = "<group>"; };
		70B746AF1845CA1D007AA2D9 /* pen@2x.png */ = {isa = PBXFileReference; lastKnownFileType = image.png; path = "pen@2x.png"; sourceTree = "<group>"; };
		70B746B01845CA1D007AA2D9 /* pencl-high.png */ = {isa = PBXFileReference; lastKnownFileType = image.png; path = "pencl-high.png"; sourceTree = "<group>"; };
		70B746B11845CA1D007AA2D9 /* pencl-high@2x.png */ = {isa = PBXFileReference; lastKnownFileType = image.png; path = "pencl-high@2x.png"; sourceTree = "<group>"; };
		70B746B21845CA1D007AA2D9 /* pencl.png */ = {isa = PBXFileReference; lastKnownFileType = image.png; path = pencl.png; sourceTree = "<group>"; };
		70B746B31845CA1D007AA2D9 /* pencl@2x.png */ = {isa = PBXFileReference; lastKnownFileType = image.png; path = "pencl@2x.png"; sourceTree = "<group>"; };
		70B746B41845CA1D007AA2D9 /* Shape-46.png */ = {isa = PBXFileReference; lastKnownFileType = image.png; path = "Shape-46.png"; sourceTree = "<group>"; };
		70B746B51845CA1D007AA2D9 /* Shape-46@2x.png */ = {isa = PBXFileReference; lastKnownFileType = image.png; path = "Shape-46@2x.png"; sourceTree = "<group>"; };
		70B746B61845CA1D007AA2D9 /* color_show.png */ = {isa = PBXFileReference; lastKnownFileType = image.png; path = color_show.png; sourceTree = "<group>"; };
		70B746B71845CA1D007AA2D9 /* color_show@2x.png */ = {isa = PBXFileReference; lastKnownFileType = image.png; path = "color_show@2x.png"; sourceTree = "<group>"; };
		70B746B81845CA1D007AA2D9 /* Sticker.png */ = {isa = PBXFileReference; lastKnownFileType = image.png; path = Sticker.png; sourceTree = "<group>"; };
		70B746B91845CA1D007AA2D9 /* Sticker@2x.png */ = {isa = PBXFileReference; lastKnownFileType = image.png; path = "Sticker@2x.png"; sourceTree = "<group>"; };
		70B746BA1845CA1D007AA2D9 /* tools-bar-2.png */ = {isa = PBXFileReference; lastKnownFileType = image.png; path = "tools-bar-2.png"; sourceTree = "<group>"; };
		70B746BB1845CA1D007AA2D9 /* tools-bar-2@2x.png */ = {isa = PBXFileReference; lastKnownFileType = image.png; path = "tools-bar-2@2x.png"; sourceTree = "<group>"; };
		70B746BC1845CA1D007AA2D9 /* tools-bar.png */ = {isa = PBXFileReference; lastKnownFileType = image.png; path = "tools-bar.png"; sourceTree = "<group>"; };
		70B746BD1845CA1D007AA2D9 /* tools-bar@2x.png */ = {isa = PBXFileReference; lastKnownFileType = image.png; path = "tools-bar@2x.png"; sourceTree = "<group>"; };
		70B746BE1845CA1D007AA2D9 /* undo-button.png */ = {isa = PBXFileReference; lastKnownFileType = image.png; path = "undo-button.png"; sourceTree = "<group>"; };
		70B746BF1845CA1D007AA2D9 /* undo-button@2x.png */ = {isa = PBXFileReference; lastKnownFileType = image.png; path = "undo-button@2x.png"; sourceTree = "<group>"; };
		70B746C11845CA1D007AA2D9 /* emotion-high.png */ = {isa = PBXFileReference; lastKnownFileType = image.png; path = "emotion-high.png"; sourceTree = "<group>"; };
		70B746C21845CA1D007AA2D9 /* emotion.png */ = {isa = PBXFileReference; lastKnownFileType = image.png; path = emotion.png; sourceTree = "<group>"; };
		70B746C31845CA1D007AA2D9 /* Free.png */ = {isa = PBXFileReference; lastKnownFileType = image.png; path = Free.png; sourceTree = "<group>"; };
		70B746C41845CA1D007AA2D9 /* ground.png */ = {isa = PBXFileReference; lastKnownFileType = image.png; path = ground.png; sourceTree = "<group>"; };
		70B746C51845CA1D007AA2D9 /* group-bar.png */ = {isa = PBXFileReference; lastKnownFileType = image.png; path = "group-bar.png"; sourceTree = "<group>"; };
		70B746C61845CA1D007AA2D9 /* New!.png */ = {isa = PBXFileReference; lastKnownFileType = image.png; path = "New!.png"; sourceTree = "<group>"; };
		70B746C71845CA1D007AA2D9 /* Shape-73.png */ = {isa = PBXFileReference; lastKnownFileType = image.png; path = "Shape-73.png"; sourceTree = "<group>"; };
		70B746C81845CA1D007AA2D9 /* Stickers.png */ = {isa = PBXFileReference; lastKnownFileType = image.png; path = Stickers.png; sourceTree = "<group>"; };
		70B746CA1845CA1D007AA2D9 /* close.png */ = {isa = PBXFileReference; lastKnownFileType = image.png; path = close.png; sourceTree = "<group>"; };
		70B746CB1845CA1D007AA2D9 /* edit3-bar.png */ = {isa = PBXFileReference; lastKnownFileType = image.png; path = "edit3-bar.png"; sourceTree = "<group>"; };
		70B746CC1845CA1D007AA2D9 /* text-box.png */ = {isa = PBXFileReference; lastKnownFileType = image.png; path = "text-box.png"; sourceTree = "<group>"; };
		70B746CD1845CA1D007AA2D9 /* text-line.png */ = {isa = PBXFileReference; lastKnownFileType = image.png; path = "text-line.png"; sourceTree = "<group>"; };
		70B746CE1845CA1D007AA2D9 /* text-shape-high.png */ = {isa = PBXFileReference; lastKnownFileType = image.png; path = "text-shape-high.png"; sourceTree = "<group>"; };
		70B746CF1845CA1D007AA2D9 /* text-shape.png */ = {isa = PBXFileReference; lastKnownFileType = image.png; path = "text-shape.png"; sourceTree = "<group>"; };
		70B746D01845CA1D007AA2D9 /* text1-high.png */ = {isa = PBXFileReference; lastKnownFileType = image.png; path = "text1-high.png"; sourceTree = "<group>"; };
		70B746D11845CA1D007AA2D9 /* text1.png */ = {isa = PBXFileReference; lastKnownFileType = image.png; path = text1.png; sourceTree = "<group>"; };
		70B746D21845CA1D007AA2D9 /* text2-high.png */ = {isa = PBXFileReference; lastKnownFileType = image.png; path = "text2-high.png"; sourceTree = "<group>"; };
		70B746D31845CA1D007AA2D9 /* text2.png */ = {isa = PBXFileReference; lastKnownFileType = image.png; path = text2.png; sourceTree = "<group>"; };
		70B746D41845CA1D007AA2D9 /* text3-high.png */ = {isa = PBXFileReference; lastKnownFileType = image.png; path = "text3-high.png"; sourceTree = "<group>"; };
		70B746D51845CA1D007AA2D9 /* text3.png */ = {isa = PBXFileReference; lastKnownFileType = image.png; path = text3.png; sourceTree = "<group>"; };
		70B746D61845CA1D007AA2D9 /* text4-high.png */ = {isa = PBXFileReference; lastKnownFileType = image.png; path = "text4-high.png"; sourceTree = "<group>"; };
		70B746D71845CA1D007AA2D9 /* text4.png */ = {isa = PBXFileReference; lastKnownFileType = image.png; path = text4.png; sourceTree = "<group>"; };
		70B746D81845CA1D007AA2D9 /* text5-high.png */ = {isa = PBXFileReference; lastKnownFileType = image.png; path = "text5-high.png"; sourceTree = "<group>"; };
		70B746D91845CA1D007AA2D9 /* text5.png */ = {isa = PBXFileReference; lastKnownFileType = image.png; path = text5.png; sourceTree = "<group>"; };
		70B746DA1845CA1D007AA2D9 /* eraser2.png */ = {isa = PBXFileReference; lastKnownFileType = image.png; path = eraser2.png; sourceTree = "<group>"; };
		70B746DB1845CA1D007AA2D9 /* eraser2@2x.png */ = {isa = PBXFileReference; lastKnownFileType = image.png; path = "eraser2@2x.png"; sourceTree = "<group>"; };
		70B747251845CB95007AA2D9 /* drawBoardViewController.h */ = {isa = PBXFileReference; fileEncoding = 4; lastKnownFileType = sourcecode.c.h; path = drawBoardViewController.h; sourceTree = "<group>"; };
		70B747261845CB95007AA2D9 /* drawBoardViewController.m */ = {isa = PBXFileReference; fileEncoding = 4; lastKnownFileType = sourcecode.c.objc; path = drawBoardViewController.m; sourceTree = "<group>"; };
		70B747271845CB95007AA2D9 /* drawBoardViewController.xib */ = {isa = PBXFileReference; fileEncoding = 4; lastKnownFileType = file.xib; path = drawBoardViewController.xib; sourceTree = "<group>"; };
		70B7472A1845CBC8007AA2D9 /* 编辑.png */ = {isa = PBXFileReference; lastKnownFileType = image.png; path = "编辑.png"; sourceTree = "<group>"; };
		70B7472B1845CBC8007AA2D9 /* 编辑@2x.png */ = {isa = PBXFileReference; lastKnownFileType = image.png; path = "编辑@2x.png"; sourceTree = "<group>"; };
		70B7472E1845E060007AA2D9 /* 001@2x.png */ = {isa = PBXFileReference; lastKnownFileType = image.png; path = "001@2x.png"; sourceTree = "<group>"; };
		70CA425618449E1700CDEAEA /* rootViewController.h */ = {isa = PBXFileReference; fileEncoding = 4; lastKnownFileType = sourcecode.c.h; path = rootViewController.h; sourceTree = "<group>"; };
		70CA425718449E1700CDEAEA /* rootViewController.m */ = {isa = PBXFileReference; fileEncoding = 4; lastKnownFileType = sourcecode.c.objc; path = rootViewController.m; sourceTree = "<group>"; };
		70CA425818449E1700CDEAEA /* rootViewController.xib */ = {isa = PBXFileReference; fileEncoding = 4; lastKnownFileType = file.xib; path = rootViewController.xib; sourceTree = "<group>"; };
		70E3152F184477240045E4B8 /* GoTu.app */ = {isa = PBXFileReference; explicitFileType = wrapper.application; includeInIndex = 0; path = GoTu.app; sourceTree = BUILT_PRODUCTS_DIR; };
		70E31532184477240045E4B8 /* Foundation.framework */ = {isa = PBXFileReference; lastKnownFileType = wrapper.framework; name = Foundation.framework; path = System/Library/Frameworks/Foundation.framework; sourceTree = SDKROOT; };
		70E31534184477240045E4B8 /* CoreGraphics.framework */ = {isa = PBXFileReference; lastKnownFileType = wrapper.framework; name = CoreGraphics.framework; path = System/Library/Frameworks/CoreGraphics.framework; sourceTree = SDKROOT; };
		70E31536184477240045E4B8 /* UIKit.framework */ = {isa = PBXFileReference; lastKnownFileType = wrapper.framework; name = UIKit.framework; path = System/Library/Frameworks/UIKit.framework; sourceTree = SDKROOT; };
		70E3153A184477240045E4B8 /* GoTu-Info.plist */ = {isa = PBXFileReference; lastKnownFileType = text.plist.xml; path = "GoTu-Info.plist"; sourceTree = "<group>"; };
		70E3153C184477240045E4B8 /* en */ = {isa = PBXFileReference; lastKnownFileType = text.plist.strings; name = en; path = en.lproj/InfoPlist.strings; sourceTree = "<group>"; };
		70E3153E184477240045E4B8 /* main.m */ = {isa = PBXFileReference; lastKnownFileType = sourcecode.c.objc; path = main.m; sourceTree = "<group>"; };
		70E31540184477240045E4B8 /* GoTu-Prefix.pch */ = {isa = PBXFileReference; lastKnownFileType = sourcecode.c.h; path = "GoTu-Prefix.pch"; sourceTree = "<group>"; };
		70E31541184477240045E4B8 /* AppDelegate.h */ = {isa = PBXFileReference; lastKnownFileType = sourcecode.c.h; path = AppDelegate.h; sourceTree = "<group>"; };
		70E31542184477240045E4B8 /* AppDelegate.m */ = {isa = PBXFileReference; lastKnownFileType = sourcecode.c.objc; path = AppDelegate.m; sourceTree = "<group>"; };
		70E31544184477240045E4B8 /* Images.xcassets */ = {isa = PBXFileReference; lastKnownFileType = folder.assetcatalog; path = Images.xcassets; sourceTree = "<group>"; };
		70E3154A184477240045E4B8 /* GoTuTests.xctest */ = {isa = PBXFileReference; explicitFileType = wrapper.cfbundle; includeInIndex = 0; path = GoTuTests.xctest; sourceTree = BUILT_PRODUCTS_DIR; };
		70E3154B184477240045E4B8 /* XCTest.framework */ = {isa = PBXFileReference; lastKnownFileType = wrapper.framework; name = XCTest.framework; path = Library/Frameworks/XCTest.framework; sourceTree = DEVELOPER_DIR; };
		70E31553184477240045E4B8 /* GoTuTests-Info.plist */ = {isa = PBXFileReference; lastKnownFileType = text.plist.xml; path = "GoTuTests-Info.plist"; sourceTree = "<group>"; };
		70E31555184477240045E4B8 /* en */ = {isa = PBXFileReference; lastKnownFileType = text.plist.strings; name = en; path = en.lproj/InfoPlist.strings; sourceTree = "<group>"; };
		70E31557184477240045E4B8 /* GoTuTests.m */ = {isa = PBXFileReference; lastKnownFileType = sourcecode.c.objc; path = GoTuTests.m; sourceTree = "<group>"; };
		E0E64400A2834000BA640E49 /* libPods.a */ = {isa = PBXFileReference; explicitFileType = archive.ar; includeInIndex = 0; path = libPods.a; sourceTree = BUILT_PRODUCTS_DIR; };
/* End PBXFileReference section */

/* Begin PBXFrameworksBuildPhase section */
		70E3152C184477240045E4B8 /* Frameworks */ = {
			isa = PBXFrameworksBuildPhase;
			buildActionMask = 2147483647;
			files = (
				70E31535184477240045E4B8 /* CoreGraphics.framework in Frameworks */,
				70E31537184477240045E4B8 /* UIKit.framework in Frameworks */,
				70E31533184477240045E4B8 /* Foundation.framework in Frameworks */,
				98D1ACD4EA3949D980684B22 /* libPods.a in Frameworks */,
			);
			runOnlyForDeploymentPostprocessing = 0;
		};
		70E31547184477240045E4B8 /* Frameworks */ = {
			isa = PBXFrameworksBuildPhase;
			buildActionMask = 2147483647;
			files = (
				70E3154C184477240045E4B8 /* XCTest.framework in Frameworks */,
				70E3154E184477240045E4B8 /* UIKit.framework in Frameworks */,
				70E3154D184477240045E4B8 /* Foundation.framework in Frameworks */,
			);
			runOnlyForDeploymentPostprocessing = 0;
		};
/* End PBXFrameworksBuildPhase section */

/* Begin PBXGroup section */
		70B746911845CA1D007AA2D9 /* edit */ = {
			isa = PBXGroup;
			children = (
				70B746921845CA1D007AA2D9 /* 124981616_11n.png */,
				70B746931845CA1D007AA2D9 /* 124981616_11n@2x.png */,
				70B746941845CA1D007AA2D9 /* Aa.png */,
				70B746951845CA1D007AA2D9 /* Aa@2x.png */,
				70B746961845CA1D007AA2D9 /* back.png */,
				70B746971845CA1D007AA2D9 /* back@2x.png */,
				70B7469A1845CA1D007AA2D9 /* done.png */,
				70B7469B1845CA1D007AA2D9 /* done@2x.png */,
				70B7469C1845CA1D007AA2D9 /* era1.png */,
				70B7469D1845CA1D007AA2D9 /* era1@2x.png */,
				70B7469E1845CA1D007AA2D9 /* era2.png */,
				70B7469F1845CA1D007AA2D9 /* era2@2x.png */,
				70B746A01845CA1D007AA2D9 /* era3.png */,
				70B746A11845CA1D007AA2D9 /* era3@2x.png */,
				70B746A21845CA1D007AA2D9 /* era4.png */,
				70B746A31845CA1D007AA2D9 /* era4@2x.png */,
				70B746A41845CA1D007AA2D9 /* eraser.png */,
				70B746A51845CA1D007AA2D9 /* eraser@2x.png */,
				70B746A61845CA1D007AA2D9 /* Frame.png */,
				70B746A71845CA1D007AA2D9 /* Frame@2x.png */,
				70B746A81845CA1D007AA2D9 /* marker-high.png */,
				70B746A91845CA1D007AA2D9 /* marker-high@2x.png */,
				70B746AA1845CA1D007AA2D9 /* marker.png */,
				70B746AB1845CA1D007AA2D9 /* marker@2x.png */,
				70B746AC1845CA1D007AA2D9 /* pen-high.png */,
				70B746AD1845CA1D007AA2D9 /* pen-high@2x.png */,
				70B746AE1845CA1D007AA2D9 /* pen.png */,
				70B746AF1845CA1D007AA2D9 /* pen@2x.png */,
				70B746B01845CA1D007AA2D9 /* pencl-high.png */,
				70B746B11845CA1D007AA2D9 /* pencl-high@2x.png */,
				70B746B21845CA1D007AA2D9 /* pencl.png */,
				70B746B31845CA1D007AA2D9 /* pencl@2x.png */,
				70B746B41845CA1D007AA2D9 /* Shape-46.png */,
				70B746B51845CA1D007AA2D9 /* Shape-46@2x.png */,
				70B746B61845CA1D007AA2D9 /* color_show.png */,
				70B746B71845CA1D007AA2D9 /* color_show@2x.png */,
				70B746B81845CA1D007AA2D9 /* Sticker.png */,
				70B746B91845CA1D007AA2D9 /* Sticker@2x.png */,
				70B746BA1845CA1D007AA2D9 /* tools-bar-2.png */,
				70B746BB1845CA1D007AA2D9 /* tools-bar-2@2x.png */,
				70B746BC1845CA1D007AA2D9 /* tools-bar.png */,
				70B746BD1845CA1D007AA2D9 /* tools-bar@2x.png */,
				70B746BE1845CA1D007AA2D9 /* undo-button.png */,
				70B746BF1845CA1D007AA2D9 /* undo-button@2x.png */,
			);
			path = edit;
			sourceTree = "<group>";
		};
		70B746C01845CA1D007AA2D9 /* edit2 */ = {
			isa = PBXGroup;
			children = (
				70B746C11845CA1D007AA2D9 /* emotion-high.png */,
				70B746C21845CA1D007AA2D9 /* emotion.png */,
				70B746C31845CA1D007AA2D9 /* Free.png */,
				70B746C41845CA1D007AA2D9 /* ground.png */,
				70B746C51845CA1D007AA2D9 /* group-bar.png */,
				70B746C61845CA1D007AA2D9 /* New!.png */,
				70B746C71845CA1D007AA2D9 /* Shape-73.png */,
				70B746C81845CA1D007AA2D9 /* Stickers.png */,
			);
			path = edit2;
			sourceTree = "<group>";
		};
		70B746C91845CA1D007AA2D9 /* edit3 */ = {
			isa = PBXGroup;
			children = (
				70B746CA1845CA1D007AA2D9 /* close.png */,
				70B746CB1845CA1D007AA2D9 /* edit3-bar.png */,
				70B746CC1845CA1D007AA2D9 /* text-box.png */,
				70B746CD1845CA1D007AA2D9 /* text-line.png */,
				70B746CE1845CA1D007AA2D9 /* text-shape-high.png */,
				70B746CF1845CA1D007AA2D9 /* text-shape.png */,
				70B746D01845CA1D007AA2D9 /* text1-high.png */,
				70B746D11845CA1D007AA2D9 /* text1.png */,
				70B746D21845CA1D007AA2D9 /* text2-high.png */,
				70B746D31845CA1D007AA2D9 /* text2.png */,
				70B746D41845CA1D007AA2D9 /* text3-high.png */,
				70B746D51845CA1D007AA2D9 /* text3.png */,
				70B746D61845CA1D007AA2D9 /* text4-high.png */,
				70B746D71845CA1D007AA2D9 /* text4.png */,
				70B746D81845CA1D007AA2D9 /* text5-high.png */,
				70B746D91845CA1D007AA2D9 /* text5.png */,
			);
			path = edit3;
			sourceTree = "<group>";
		};
		70B747241845CB6E007AA2D9 /* images */ = {
			isa = PBXGroup;
			children = (
				70B746911845CA1D007AA2D9 /* edit */,
				70B746C01845CA1D007AA2D9 /* edit2 */,
				70B746C91845CA1D007AA2D9 /* edit3 */,
				70B746DA1845CA1D007AA2D9 /* eraser2.png */,
				70B7472A1845CBC8007AA2D9 /* 编辑.png */,
				70B7472B1845CBC8007AA2D9 /* 编辑@2x.png */,
				70B746DB1845CA1D007AA2D9 /* eraser2@2x.png */,
			);
			name = images;
			sourceTree = "<group>";
		};
		70B747301845E064007AA2D9 /* testData */ = {
			isa = PBXGroup;
			children = (
				70B7472E1845E060007AA2D9 /* 001@2x.png */,
			);
			name = testData;
			sourceTree = "<group>";
		};
		70CFDBE31844A4A600F0B6D7 /* drowBoard */ = {
			isa = PBXGroup;
			children = (
				70B747251845CB95007AA2D9 /* drawBoardViewController.h */,
				70B747261845CB95007AA2D9 /* drawBoardViewController.m */,
				70B747271845CB95007AA2D9 /* drawBoardViewController.xib */,
				70ACF0111845F4A600BBF869 /* colorViewController.h */,
				70ACF0121845F4A600BBF869 /* colorViewController.m */,
				70ACF0131845F4A600BBF869 /* colorViewController.xib */,
				70B747241845CB6E007AA2D9 /* images */,
				709DC0E91844AD9A0073F1B1 /* drawingBoardView.h */,
				709DC0EA1844AD9A0073F1B1 /* drawingBoardView.m */,
				60F3D1B21844EEFB00BBF467 /* temp.jpg */,
				709DC0EB1844AD9A0073F1B1 /* CGPointExtension.h */,
				709DC0EC1844AD9A0073F1B1 /* CGPointExtension.m */,
			);
			name = drowBoard;
			sourceTree = "<group>";
		};
		70E31526184477240045E4B8 = {
			isa = PBXGroup;
			children = (
				70E31538184477240045E4B8 /* GoTu */,
				70E31551184477240045E4B8 /* GoTuTests */,
				70E31531184477240045E4B8 /* Frameworks */,
				70E31530184477240045E4B8 /* Products */,
				1381D8A738FB44D1BDE718F5 /* Pods.xcconfig */,
			);
			sourceTree = "<group>";
		};
		70E31530184477240045E4B8 /* Products */ = {
			isa = PBXGroup;
			children = (
				70E3152F184477240045E4B8 /* GoTu.app */,
				70E3154A184477240045E4B8 /* GoTuTests.xctest */,
			);
			name = Products;
			sourceTree = "<group>";
		};
		70E31531184477240045E4B8 /* Frameworks */ = {
			isa = PBXGroup;
			children = (
				70E31532184477240045E4B8 /* Foundation.framework */,
				70E31534184477240045E4B8 /* CoreGraphics.framework */,
				70E31536184477240045E4B8 /* UIKit.framework */,
				70E3154B184477240045E4B8 /* XCTest.framework */,
				E0E64400A2834000BA640E49 /* libPods.a */,
			);
			name = Frameworks;
			sourceTree = "<group>";
		};
		70E31538184477240045E4B8 /* GoTu */ = {
			isa = PBXGroup;
			children = (
				70B747301845E064007AA2D9 /* testData */,
				70E31541184477240045E4B8 /* AppDelegate.h */,
				70E31542184477240045E4B8 /* AppDelegate.m */,
				70CA425618449E1700CDEAEA /* rootViewController.h */,
				70CA425718449E1700CDEAEA /* rootViewController.m */,
				70CA425818449E1700CDEAEA /* rootViewController.xib */,
				70CFDBE31844A4A600F0B6D7 /* drowBoard */,
				70E31544184477240045E4B8 /* Images.xcassets */,
				70E31539184477240045E4B8 /* Supporting Files */,
			);
			path = GoTu;
			sourceTree = "<group>";
		};
		70E31539184477240045E4B8 /* Supporting Files */ = {
			isa = PBXGroup;
			children = (
				70E3153A184477240045E4B8 /* GoTu-Info.plist */,
				70E3153B184477240045E4B8 /* InfoPlist.strings */,
				70E3153E184477240045E4B8 /* main.m */,
				70E31540184477240045E4B8 /* GoTu-Prefix.pch */,
			);
			name = "Supporting Files";
			sourceTree = "<group>";
		};
		70E31551184477240045E4B8 /* GoTuTests */ = {
			isa = PBXGroup;
			children = (
				70E31557184477240045E4B8 /* GoTuTests.m */,
				70E31552184477240045E4B8 /* Supporting Files */,
			);
			path = GoTuTests;
			sourceTree = "<group>";
		};
		70E31552184477240045E4B8 /* Supporting Files */ = {
			isa = PBXGroup;
			children = (
				70E31553184477240045E4B8 /* GoTuTests-Info.plist */,
				70E31554184477240045E4B8 /* InfoPlist.strings */,
			);
			name = "Supporting Files";
			sourceTree = "<group>";
		};
/* End PBXGroup section */

/* Begin PBXNativeTarget section */
		70E3152E184477240045E4B8 /* GoTu */ = {
			isa = PBXNativeTarget;
			buildConfigurationList = 70E3155B184477240045E4B8 /* Build configuration list for PBXNativeTarget "GoTu" */;
			buildPhases = (
				68578517660E4862A9C1E9E9 /* Check Pods Manifest.lock */,
				70E3152B184477240045E4B8 /* Sources */,
				70E3152C184477240045E4B8 /* Frameworks */,
				70E3152D184477240045E4B8 /* Resources */,
				3377D3C1C94943D5A2D24F38 /* Copy Pods Resources */,
			);
			buildRules = (
			);
			dependencies = (
			);
			name = GoTu;
			productName = GoTu;
			productReference = 70E3152F184477240045E4B8 /* GoTu.app */;
			productType = "com.apple.product-type.application";
		};
		70E31549184477240045E4B8 /* GoTuTests */ = {
			isa = PBXNativeTarget;
			buildConfigurationList = 70E3155E184477240045E4B8 /* Build configuration list for PBXNativeTarget "GoTuTests" */;
			buildPhases = (
				70E31546184477240045E4B8 /* Sources */,
				70E31547184477240045E4B8 /* Frameworks */,
				70E31548184477240045E4B8 /* Resources */,
			);
			buildRules = (
			);
			dependencies = (
				70E31550184477240045E4B8 /* PBXTargetDependency */,
			);
			name = GoTuTests;
			productName = GoTuTests;
			productReference = 70E3154A184477240045E4B8 /* GoTuTests.xctest */;
			productType = "com.apple.product-type.bundle.unit-test";
		};
/* End PBXNativeTarget section */

/* Begin PBXProject section */
		70E31527184477240045E4B8 /* Project object */ = {
			isa = PBXProject;
			attributes = {
				LastUpgradeCheck = 0500;
				ORGANIZATIONNAME = vince;
				TargetAttributes = {
					70E31549184477240045E4B8 = {
						TestTargetID = 70E3152E184477240045E4B8;
					};
				};
			};
			buildConfigurationList = 70E3152A184477240045E4B8 /* Build configuration list for PBXProject "GoTu" */;
			compatibilityVersion = "Xcode 3.2";
			developmentRegion = English;
			hasScannedForEncodings = 0;
			knownRegions = (
				en,
			);
			mainGroup = 70E31526184477240045E4B8;
			productRefGroup = 70E31530184477240045E4B8 /* Products */;
			projectDirPath = "";
			projectRoot = "";
			targets = (
				70E3152E184477240045E4B8 /* GoTu */,
				70E31549184477240045E4B8 /* GoTuTests */,
			);
		};
/* End PBXProject section */

/* Begin PBXResourcesBuildPhase section */
		70E3152D184477240045E4B8 /* Resources */ = {
			isa = PBXResourcesBuildPhase;
			buildActionMask = 2147483647;
			files = (
				70B7472D1845CBC8007AA2D9 /* 编辑@2x.png in Resources */,
				70B746ED1845CA1D007AA2D9 /* era4@2x.png in Resources */,
				70B7470B1845CA1D007AA2D9 /* emotion.png in Resources */,
				70B746FC1845CA1D007AA2D9 /* pencl.png in Resources */,
				70B747231845CA1D007AA2D9 /* eraser2@2x.png in Resources */,
				70B746E51845CA1D007AA2D9 /* done@2x.png in Resources */,
				70B747211845CA1D007AA2D9 /* text5.png in Resources */,
				70B747171845CA1D007AA2D9 /* text-shape.png in Resources */,
				70B746F41845CA1D007AA2D9 /* marker.png in Resources */,
				70B746FF1845CA1D007AA2D9 /* Shape-46@2x.png in Resources */,
				70B747081845CA1D007AA2D9 /* undo-button.png in Resources */,
				70B7470C1845CA1D007AA2D9 /* Free.png in Resources */,
				70B747091845CA1D007AA2D9 /* undo-button@2x.png in Resources */,
				70B746E71845CA1D007AA2D9 /* era1@2x.png in Resources */,
				70B747201845CA1D007AA2D9 /* text5-high.png in Resources */,
				70B746DF1845CA1D007AA2D9 /* Aa@2x.png in Resources */,
				70B746FE1845CA1D007AA2D9 /* Shape-46.png in Resources */,
				70B746EE1845CA1D007AA2D9 /* eraser.png in Resources */,
				70B746EB1845CA1D007AA2D9 /* era3@2x.png in Resources */,
				70E3153D184477240045E4B8 /* InfoPlist.strings in Resources */,
				70B746F61845CA1D007AA2D9 /* pen-high.png in Resources */,
				70B747001845CA1D007AA2D9 /* color_show.png in Resources */,
				70B7471C1845CA1D007AA2D9 /* text3-high.png in Resources */,
				70B7470E1845CA1D007AA2D9 /* group-bar.png in Resources */,
				70B746E41845CA1D007AA2D9 /* done.png in Resources */,
				70B7470D1845CA1D007AA2D9 /* ground.png in Resources */,
				70B747141845CA1D007AA2D9 /* text-box.png in Resources */,
				70B7472C1845CBC8007AA2D9 /* 编辑.png in Resources */,
				70B7470A1845CA1D007AA2D9 /* emotion-high.png in Resources */,
				70B7471D1845CA1D007AA2D9 /* text3.png in Resources */,
				70B747061845CA1D007AA2D9 /* tools-bar.png in Resources */,
				70B746E91845CA1D007AA2D9 /* era2@2x.png in Resources */,
				70B746E01845CA1D007AA2D9 /* back.png in Resources */,
				70B7471E1845CA1D007AA2D9 /* text4-high.png in Resources */,
				60F3D1B31844EEFB00BBF467 /* temp.jpg in Resources */,
				70B746F21845CA1D007AA2D9 /* marker-high.png in Resources */,
				70B746DD1845CA1D007AA2D9 /* 124981616_11n@2x.png in Resources */,
				70B746EC1845CA1D007AA2D9 /* era4.png in Resources */,
				70B747051845CA1D007AA2D9 /* tools-bar-2@2x.png in Resources */,
				70B7470F1845CA1D007AA2D9 /* New!.png in Resources */,
				70B746DC1845CA1D007AA2D9 /* 124981616_11n.png in Resources */,
				70E31545184477240045E4B8 /* Images.xcassets in Resources */,
				70B7471B1845CA1D007AA2D9 /* text2.png in Resources */,
				70B746EA1845CA1D007AA2D9 /* era3.png in Resources */,
				70B746FA1845CA1D007AA2D9 /* pencl-high.png in Resources */,
				70B747131845CA1D007AA2D9 /* edit3-bar.png in Resources */,
				70B747191845CA1D007AA2D9 /* text1.png in Resources */,
				70B746E11845CA1D007AA2D9 /* back@2x.png in Resources */,
				70B747021845CA1D007AA2D9 /* Sticker.png in Resources */,
				70B746F11845CA1D007AA2D9 /* Frame@2x.png in Resources */,
				70B746F91845CA1D007AA2D9 /* pen@2x.png in Resources */,
				70B746E61845CA1D007AA2D9 /* era1.png in Resources */,
				70B747071845CA1D007AA2D9 /* tools-bar@2x.png in Resources */,
				70B746F51845CA1D007AA2D9 /* marker@2x.png in Resources */,
				70B747101845CA1D007AA2D9 /* Shape-73.png in Resources */,
				70CA425A18449E1700CDEAEA /* rootViewController.xib in Resources */,
				70B747031845CA1D007AA2D9 /* Sticker@2x.png in Resources */,
				70B7471F1845CA1D007AA2D9 /* text4.png in Resources */,
				70B7472F1845E060007AA2D9 /* 001@2x.png in Resources */,
				70B746F31845CA1D007AA2D9 /* marker-high@2x.png in Resources */,
				70B746FD1845CA1D007AA2D9 /* pencl@2x.png in Resources */,
				70B747011845CA1D007AA2D9 /* color_show@2x.png in Resources */,
				70B747291845CB95007AA2D9 /* drawBoardViewController.xib in Resources */,
				70B747121845CA1D007AA2D9 /* close.png in Resources */,
				70B747161845CA1D007AA2D9 /* text-shape-high.png in Resources */,
				70B746F01845CA1D007AA2D9 /* Frame.png in Resources */,
				70B747221845CA1D007AA2D9 /* eraser2.png in Resources */,
				70B746EF1845CA1D007AA2D9 /* eraser@2x.png in Resources */,
				70B746F71845CA1D007AA2D9 /* pen-high@2x.png in Resources */,
				70B746E81845CA1D007AA2D9 /* era2.png in Resources */,
				70B747041845CA1D007AA2D9 /* tools-bar-2.png in Resources */,
				70ACF0151845F4A600BBF869 /* colorViewController.xib in Resources */,
				70B747151845CA1D007AA2D9 /* text-line.png in Resources */,
				70B746F81845CA1D007AA2D9 /* pen.png in Resources */,
				70B746FB1845CA1D007AA2D9 /* pencl-high@2x.png in Resources */,
				70B747181845CA1D007AA2D9 /* text1-high.png in Resources */,
				70B746DE1845CA1D007AA2D9 /* Aa.png in Resources */,
				70B7471A1845CA1D007AA2D9 /* text2-high.png in Resources */,
				70B747111845CA1D007AA2D9 /* Stickers.png in Resources */,
			);
			runOnlyForDeploymentPostprocessing = 0;
		};
		70E31548184477240045E4B8 /* Resources */ = {
			isa = PBXResourcesBuildPhase;
			buildActionMask = 2147483647;
			files = (
				70E31556184477240045E4B8 /* InfoPlist.strings in Resources */,
			);
			runOnlyForDeploymentPostprocessing = 0;
		};
/* End PBXResourcesBuildPhase section */

/* Begin PBXShellScriptBuildPhase section */
		3377D3C1C94943D5A2D24F38 /* Copy Pods Resources */ = {
			isa = PBXShellScriptBuildPhase;
			buildActionMask = 2147483647;
			files = (
			);
			inputPaths = (
			);
			name = "Copy Pods Resources";
			outputPaths = (
			);
			runOnlyForDeploymentPostprocessing = 0;
			shellPath = /bin/sh;
			shellScript = "\"${SRCROOT}/Pods/Pods-resources.sh\"\n";
			showEnvVarsInLog = 0;
		};
		68578517660E4862A9C1E9E9 /* Check Pods Manifest.lock */ = {
			isa = PBXShellScriptBuildPhase;
			buildActionMask = 2147483647;
			files = (
			);
			inputPaths = (
			);
			name = "Check Pods Manifest.lock";
			outputPaths = (
			);
			runOnlyForDeploymentPostprocessing = 0;
			shellPath = /bin/sh;
			shellScript = "diff \"${PODS_ROOT}/../Podfile.lock\" \"${PODS_ROOT}/Manifest.lock\" > /dev/null\nif [[ $? != 0 ]] ; then\n    cat << EOM\nerror: The sandbox is not in sync with the Podfile.lock. Run 'pod install' or update your CocoaPods installation.\nEOM\n    exit 1\nfi\n";
			showEnvVarsInLog = 0;
		};
/* End PBXShellScriptBuildPhase section */

/* Begin PBXSourcesBuildPhase section */
		70E3152B184477240045E4B8 /* Sources */ = {
			isa = PBXSourcesBuildPhase;
			buildActionMask = 2147483647;
			files = (
				70ACF0141845F4A600BBF869 /* colorViewController.m in Sources */,
				709DC0ED1844AD9A0073F1B1 /* drawingBoardView.m in Sources */,
				70B747281845CB95007AA2D9 /* drawBoardViewController.m in Sources */,
				709DC0EE1844AD9A0073F1B1 /* CGPointExtension.m in Sources */,
				70E31543184477240045E4B8 /* AppDelegate.m in Sources */,
				70CA425918449E1700CDEAEA /* rootViewController.m in Sources */,
				70E3153F184477240045E4B8 /* main.m in Sources */,
			);
			runOnlyForDeploymentPostprocessing = 0;
		};
		70E31546184477240045E4B8 /* Sources */ = {
			isa = PBXSourcesBuildPhase;
			buildActionMask = 2147483647;
			files = (
				70E31558184477240045E4B8 /* GoTuTests.m in Sources */,
			);
			runOnlyForDeploymentPostprocessing = 0;
		};
/* End PBXSourcesBuildPhase section */

/* Begin PBXTargetDependency section */
		70E31550184477240045E4B8 /* PBXTargetDependency */ = {
			isa = PBXTargetDependency;
			target = 70E3152E184477240045E4B8 /* GoTu */;
			targetProxy = 70E3154F184477240045E4B8 /* PBXContainerItemProxy */;
		};
/* End PBXTargetDependency section */

/* Begin PBXVariantGroup section */
		70E3153B184477240045E4B8 /* InfoPlist.strings */ = {
			isa = PBXVariantGroup;
			children = (
				70E3153C184477240045E4B8 /* en */,
			);
			name = InfoPlist.strings;
			sourceTree = "<group>";
		};
		70E31554184477240045E4B8 /* InfoPlist.strings */ = {
			isa = PBXVariantGroup;
			children = (
				70E31555184477240045E4B8 /* en */,
			);
			name = InfoPlist.strings;
			sourceTree = "<group>";
		};
/* End PBXVariantGroup section */

/* Begin XCBuildConfiguration section */
		70E31559184477240045E4B8 /* Debug */ = {
			isa = XCBuildConfiguration;
			buildSettings = {
				ALWAYS_SEARCH_USER_PATHS = NO;
				ARCHS = "$(ARCHS_STANDARD_INCLUDING_64_BIT)";
				CLANG_CXX_LANGUAGE_STANDARD = "gnu++0x";
				CLANG_CXX_LIBRARY = "libc++";
				CLANG_ENABLE_MODULES = YES;
				CLANG_ENABLE_OBJC_ARC = YES;
				CLANG_WARN_BOOL_CONVERSION = YES;
				CLANG_WARN_CONSTANT_CONVERSION = YES;
				CLANG_WARN_DIRECT_OBJC_ISA_USAGE = YES_ERROR;
				CLANG_WARN_EMPTY_BODY = YES;
				CLANG_WARN_ENUM_CONVERSION = YES;
				CLANG_WARN_INT_CONVERSION = YES;
				CLANG_WARN_OBJC_ROOT_CLASS = YES_ERROR;
				CLANG_WARN__DUPLICATE_METHOD_MATCH = YES;
				"CODE_SIGN_IDENTITY[sdk=iphoneos*]" = "iPhone Developer";
				COPY_PHASE_STRIP = NO;
				GCC_C_LANGUAGE_STANDARD = gnu99;
				GCC_DYNAMIC_NO_PIC = NO;
				GCC_OPTIMIZATION_LEVEL = 0;
				GCC_PREPROCESSOR_DEFINITIONS = (
					"DEBUG=1",
					"$(inherited)",
				);
				GCC_SYMBOLS_PRIVATE_EXTERN = NO;
				GCC_WARN_64_TO_32_BIT_CONVERSION = YES;
				GCC_WARN_ABOUT_RETURN_TYPE = YES_ERROR;
				GCC_WARN_UNDECLARED_SELECTOR = YES;
				GCC_WARN_UNINITIALIZED_AUTOS = YES;
				GCC_WARN_UNUSED_FUNCTION = YES;
				GCC_WARN_UNUSED_VARIABLE = YES;
				IPHONEOS_DEPLOYMENT_TARGET = 7.0;
				ONLY_ACTIVE_ARCH = YES;
				SDKROOT = iphoneos;
			};
			name = Debug;
		};
		70E3155A184477240045E4B8 /* Release */ = {
			isa = XCBuildConfiguration;
			buildSettings = {
				ALWAYS_SEARCH_USER_PATHS = NO;
				ARCHS = "$(ARCHS_STANDARD_INCLUDING_64_BIT)";
				CLANG_CXX_LANGUAGE_STANDARD = "gnu++0x";
				CLANG_CXX_LIBRARY = "libc++";
				CLANG_ENABLE_MODULES = YES;
				CLANG_ENABLE_OBJC_ARC = YES;
				CLANG_WARN_BOOL_CONVERSION = YES;
				CLANG_WARN_CONSTANT_CONVERSION = YES;
				CLANG_WARN_DIRECT_OBJC_ISA_USAGE = YES_ERROR;
				CLANG_WARN_EMPTY_BODY = YES;
				CLANG_WARN_ENUM_CONVERSION = YES;
				CLANG_WARN_INT_CONVERSION = YES;
				CLANG_WARN_OBJC_ROOT_CLASS = YES_ERROR;
				CLANG_WARN__DUPLICATE_METHOD_MATCH = YES;
				"CODE_SIGN_IDENTITY[sdk=iphoneos*]" = "iPhone Developer";
				COPY_PHASE_STRIP = YES;
				ENABLE_NS_ASSERTIONS = NO;
				GCC_C_LANGUAGE_STANDARD = gnu99;
				GCC_WARN_64_TO_32_BIT_CONVERSION = YES;
				GCC_WARN_ABOUT_RETURN_TYPE = YES_ERROR;
				GCC_WARN_UNDECLARED_SELECTOR = YES;
				GCC_WARN_UNINITIALIZED_AUTOS = YES;
				GCC_WARN_UNUSED_FUNCTION = YES;
				GCC_WARN_UNUSED_VARIABLE = YES;
				IPHONEOS_DEPLOYMENT_TARGET = 7.0;
				SDKROOT = iphoneos;
				VALIDATE_PRODUCT = YES;
			};
			name = Release;
		};
		70E3155C184477240045E4B8 /* Debug */ = {
			isa = XCBuildConfiguration;
			baseConfigurationReference = 1381D8A738FB44D1BDE718F5 /* Pods.xcconfig */;
			buildSettings = {
				ASSETCATALOG_COMPILER_APPICON_NAME = AppIcon;
				ASSETCATALOG_COMPILER_LAUNCHIMAGE_NAME = LaunchImage;
				GCC_PRECOMPILE_PREFIX_HEADER = YES;
				GCC_PREFIX_HEADER = "GoTu/GoTu-Prefix.pch";
				INFOPLIST_FILE = "GoTu/GoTu-Info.plist";
				PRODUCT_NAME = "$(TARGET_NAME)";
				WRAPPER_EXTENSION = app;
			};
			name = Debug;
		};
		70E3155D184477240045E4B8 /* Release */ = {
			isa = XCBuildConfiguration;
			baseConfigurationReference = 1381D8A738FB44D1BDE718F5 /* Pods.xcconfig */;
			buildSettings = {
				ASSETCATALOG_COMPILER_APPICON_NAME = AppIcon;
				ASSETCATALOG_COMPILER_LAUNCHIMAGE_NAME = LaunchImage;
				GCC_PRECOMPILE_PREFIX_HEADER = YES;
				GCC_PREFIX_HEADER = "GoTu/GoTu-Prefix.pch";
				INFOPLIST_FILE = "GoTu/GoTu-Info.plist";
				PRODUCT_NAME = "$(TARGET_NAME)";
				WRAPPER_EXTENSION = app;
			};
			name = Release;
		};
		70E3155F184477240045E4B8 /* Debug */ = {
			isa = XCBuildConfiguration;
			buildSettings = {
				ARCHS = "$(ARCHS_STANDARD_INCLUDING_64_BIT)";
				BUNDLE_LOADER = "$(BUILT_PRODUCTS_DIR)/GoTu.app/GoTu";
				FRAMEWORK_SEARCH_PATHS = (
					"$(SDKROOT)/Developer/Library/Frameworks",
					"$(inherited)",
					"$(DEVELOPER_FRAMEWORKS_DIR)",
				);
				GCC_PRECOMPILE_PREFIX_HEADER = YES;
				GCC_PREFIX_HEADER = "GoTu/GoTu-Prefix.pch";
				GCC_PREPROCESSOR_DEFINITIONS = (
					"DEBUG=1",
					"$(inherited)",
				);
				INFOPLIST_FILE = "GoTuTests/GoTuTests-Info.plist";
				PRODUCT_NAME = "$(TARGET_NAME)";
				TEST_HOST = "$(BUNDLE_LOADER)";
				WRAPPER_EXTENSION = xctest;
			};
			name = Debug;
		};
		70E31560184477240045E4B8 /* Release */ = {
			isa = XCBuildConfiguration;
			buildSettings = {
				ARCHS = "$(ARCHS_STANDARD_INCLUDING_64_BIT)";
				BUNDLE_LOADER = "$(BUILT_PRODUCTS_DIR)/GoTu.app/GoTu";
				FRAMEWORK_SEARCH_PATHS = (
					"$(SDKROOT)/Developer/Library/Frameworks",
					"$(inherited)",
					"$(DEVELOPER_FRAMEWORKS_DIR)",
				);
				GCC_PRECOMPILE_PREFIX_HEADER = YES;
				GCC_PREFIX_HEADER = "GoTu/GoTu-Prefix.pch";
				INFOPLIST_FILE = "GoTuTests/GoTuTests-Info.plist";
				PRODUCT_NAME = "$(TARGET_NAME)";
				TEST_HOST = "$(BUNDLE_LOADER)";
				WRAPPER_EXTENSION = xctest;
			};
			name = Release;
		};
/* End XCBuildConfiguration section */

/* Begin XCConfigurationList section */
		70E3152A184477240045E4B8 /* Build configuration list for PBXProject "GoTu" */ = {
			isa = XCConfigurationList;
			buildConfigurations = (
				70E31559184477240045E4B8 /* Debug */,
				70E3155A184477240045E4B8 /* Release */,
			);
			defaultConfigurationIsVisible = 0;
			defaultConfigurationName = Release;
		};
		70E3155B184477240045E4B8 /* Build configuration list for PBXNativeTarget "GoTu" */ = {
			isa = XCConfigurationList;
			buildConfigurations = (
				70E3155C184477240045E4B8 /* Debug */,
				70E3155D184477240045E4B8 /* Release */,
			);
			defaultConfigurationIsVisible = 0;
			defaultConfigurationName = Release;
		};
		70E3155E184477240045E4B8 /* Build configuration list for PBXNativeTarget "GoTuTests" */ = {
			isa = XCConfigurationList;
			buildConfigurations = (
				70E3155F184477240045E4B8 /* Debug */,
				70E31560184477240045E4B8 /* Release */,
			);
			defaultConfigurationIsVisible = 0;
			defaultConfigurationName = Release;
		};
/* End XCConfigurationList section */
	};
	rootObject = 70E31527184477240045E4B8 /* Project object */;
}
