// !$*UTF8*$!
{
	archiveVersion = 1;
	classes = {
	};
	objectVersion = 46;
	objects = {

/* Begin PBXBuildFile section */
		60F3D1B31844EEFB00BBF467 /* temp.jpg in Resources */ = {isa = PBXBuildFile; fileRef = 60F3D1B21844EEFB00BBF467 /* temp.jpg */; };
		709DC0ED1844AD9A0073F1B1 /* drawingBoardView.m in Sources */ = {isa = PBXBuildFile; fileRef = 709DC0EA1844AD9A0073F1B1 /* drawingBoardView.m */; };
		709DC0EE1844AD9A0073F1B1 /* CGPointExtension.m in Sources */ = {isa = PBXBuildFile; fileRef = 709DC0EC1844AD9A0073F1B1 /* CGPointExtension.m */; };
		70CA425918449E1700CDEAEA /* rootViewController.m in Sources */ = {isa = PBXBuildFile; fileRef = 70CA425718449E1700CDEAEA /* rootViewController.m */; };
		70CA425A18449E1700CDEAEA /* rootViewController.xib in Resources */ = {isa = PBXBuildFile; fileRef = 70CA425818449E1700CDEAEA /* rootViewController.xib */; };
		70E31533184477240045E4B8 /* Foundation.framework in Frameworks */ = {isa = PBXBuildFile; fileRef = 70E31532184477240045E4B8 /* Foundation.framework */; };
		70E31535184477240045E4B8 /* CoreGraphics.framework in Frameworks */ = {isa = PBXBuildFile; fileRef = 70E31534184477240045E4B8 /* CoreGraphics.framework */; };
		70E31537184477240045E4B8 /* UIKit.framework in Frameworks */ = {isa = PBXBuildFile; fileRef = 70E31536184477240045E4B8 /* UIKit.framework */; };
		70E3153D184477240045E4B8 /* InfoPlist.strings in Resources */ = {isa = PBXBuildFile; fileRef = 70E3153B184477240045E4B8 /* InfoPlist.strings */; };
		70E3153F184477240045E4B8 /* main.m in Sources */ = {isa = PBXBuildFile; fileRef = 70E3153E184477240045E4B8 /* main.m */; };
		70E31543184477240045E4B8 /* AppDelegate.m in Sources */ = {isa = PBXBuildFile; fileRef = 70E31542184477240045E4B8 /* AppDelegate.m */; };
		70E31545184477240045E4B8 /* Images.xcassets in Resources */ = {isa = PBXBuildFile; fileRef = 70E31544184477240045E4B8 /* Images.xcassets */; };
		70E3154C184477240045E4B8 /* XCTest.framework in Frameworks */ = {isa = PBXBuildFile; fileRef = 70E3154B184477240045E4B8 /* XCTest.framework */; };
		70E3154D184477240045E4B8 /* Foundation.framework in Frameworks */ = {isa = PBXBuildFile; fileRef = 70E31532184477240045E4B8 /* Foundation.framework */; };
		70E3154E184477240045E4B8 /* UIKit.framework in Frameworks */ = {isa = PBXBuildFile; fileRef = 70E31536184477240045E4B8 /* UIKit.framework */; };
		70E31556184477240045E4B8 /* InfoPlist.strings in Resources */ = {isa = PBXBuildFile; fileRef = 70E31554184477240045E4B8 /* InfoPlist.strings */; };
		70E31558184477240045E4B8 /* GoTuTests.m in Sources */ = {isa = PBXBuildFile; fileRef = 70E31557184477240045E4B8 /* GoTuTests.m */; };
		98D1ACD4EA3949D980684B22 /* libPods.a in Frameworks */ = {isa = PBXBuildFile; fileRef = E0E64400A2834000BA640E49 /* libPods.a */; };
/* End PBXBuildFile section */

/* Begin PBXContainerItemProxy section */
		70E3154F184477240045E4B8 /* PBXContainerItemProxy */ = {
			isa = PBXContainerItemProxy;
			containerPortal = 70E31527184477240045E4B8 /* Project object */;
			proxyType = 1;
			remoteGlobalIDString = 70E3152E184477240045E4B8;
			remoteInfo = GoTu;
		};
/* End PBXContainerItemProxy section */

/* Begin PBXFileReference section */
		1381D8A738FB44D1BDE718F5 /* Pods.xcconfig */ = {isa = PBXFileReference; includeInIndex = 1; lastKnownFileType = text.xcconfig; name = Pods.xcconfig; path = Pods/Pods.xcconfig; sourceTree = "<group>"; };
		60F3D1B21844EEFB00BBF467 /* temp.jpg */ = {isa = PBXFileReference; lastKnownFileType = image.jpeg; path = temp.jpg; sourceTree = "<group>"; };
		709DC0E91844AD9A0073F1B1 /* drawingBoardView.h */ = {isa = PBXFileReference; fileEncoding = 4; lastKnownFileType = sourcecode.c.h; path = drawingBoardView.h; sourceTree = "<group>"; };
		709DC0EA1844AD9A0073F1B1 /* drawingBoardView.m */ = {isa = PBXFileReference; fileEncoding = 4; lastKnownFileType = sourcecode.c.objc; path = drawingBoardView.m; sourceTree = "<group>"; };
		709DC0EB1844AD9A0073F1B1 /* CGPointExtension.h */ = {isa = PBXFileReference; fileEncoding = 4; lastKnownFileType = sourcecode.c.h; path = CGPointExtension.h; sourceTree = "<group>"; };
		709DC0EC1844AD9A0073F1B1 /* CGPointExtension.m */ = {isa = PBXFileReference; fileEncoding = 4; lastKnownFileType = sourcecode.c.objc; path = CGPointExtension.m; sourceTree = "<group>"; };
		70CA425618449E1700CDEAEA /* rootViewController.h */ = {isa = PBXFileReference; fileEncoding = 4; lastKnownFileType = sourcecode.c.h; path = rootViewController.h; sourceTree = "<group>"; };
		70CA425718449E1700CDEAEA /* rootViewController.m */ = {isa = PBXFileReference; fileEncoding = 4; lastKnownFileType = sourcecode.c.objc; path = rootViewController.m; sourceTree = "<group>"; };
		70CA425818449E1700CDEAEA /* rootViewController.xib */ = {isa = PBXFileReference; fileEncoding = 4; lastKnownFileType = file.xib; path = rootViewController.xib; sourceTree = "<group>"; };
		70E3152F184477240045E4B8 /* GoTu.app */ = {isa = PBXFileReference; explicitFileType = wrapper.application; includeInIndex = 0; path = GoTu.app; sourceTree = BUILT_PRODUCTS_DIR; };
		70E31532184477240045E4B8 /* Foundation.framework */ = {isa = PBXFileReference; lastKnownFileType = wrapper.framework; name = Foundation.framework; path = System/Library/Frameworks/Foundation.framework; sourceTree = SDKROOT; };
		70E31534184477240045E4B8 /* CoreGraphics.framework */ = {isa = PBXFileReference; lastKnownFileType = wrapper.framework; name = CoreGraphics.framework; path = System/Library/Frameworks/CoreGraphics.framework; sourceTree = SDKROOT; };
		70E31536184477240045E4B8 /* UIKit.framework */ = {isa = PBXFileReference; lastKnownFileType = wrapper.framework; name = UIKit.framework; path = System/Library/Frameworks/UIKit.framework; sourceTree = SDKROOT; };
		70E3153A184477240045E4B8 /* GoTu-Info.plist */ = {isa = PBXFileReference; lastKnownFileType = text.plist.xml; path = "GoTu-Info.plist"; sourceTree = "<group>"; };
		70E3153C184477240045E4B8 /* en */ = {isa = PBXFileReference; lastKnownFileType = text.plist.strings; name = en; path = en.lproj/InfoPlist.strings; sourceTree = "<group>"; };
		70E3153E184477240045E4B8 /* main.m */ = {isa = PBXFileReference; lastKnownFileType = sourcecode.c.objc; path = main.m; sourceTree = "<group>"; };
		70E31540184477240045E4B8 /* GoTu-Prefix.pch */ = {isa = PBXFileReference; lastKnownFileType = sourcecode.c.h; path = "GoTu-Prefix.pch"; sourceTree = "<group>"; };
		70E31541184477240045E4B8 /* AppDelegate.h */ = {isa = PBXFileReference; lastKnownFileType = sourcecode.c.h; path = AppDelegate.h; sourceTree = "<group>"; };
		70E31542184477240045E4B8 /* AppDelegate.m */ = {isa = PBXFileReference; lastKnownFileType = sourcecode.c.objc; path = AppDelegate.m; sourceTree = "<group>"; };
		70E31544184477240045E4B8 /* Images.xcassets */ = {isa = PBXFileReference; lastKnownFileType = folder.assetcatalog; path = Images.xcassets; sourceTree = "<group>"; };
		70E3154A184477240045E4B8 /* GoTuTests.xctest */ = {isa = PBXFileReference; explicitFileType = wrapper.cfbundle; includeInIndex = 0; path = GoTuTests.xctest; sourceTree = BUILT_PRODUCTS_DIR; };
		70E3154B184477240045E4B8 /* XCTest.framework */ = {isa = PBXFileReference; lastKnownFileType = wrapper.framework; name = XCTest.framework; path = Library/Frameworks/XCTest.framework; sourceTree = DEVELOPER_DIR; };
		70E31553184477240045E4B8 /* GoTuTests-Info.plist */ = {isa = PBXFileReference; lastKnownFileType = text.plist.xml; path = "GoTuTests-Info.plist"; sourceTree = "<group>"; };
		70E31555184477240045E4B8 /* en */ = {isa = PBXFileReference; lastKnownFileType = text.plist.strings; name = en; path = en.lproj/InfoPlist.strings; sourceTree = "<group>"; };
		70E31557184477240045E4B8 /* GoTuTests.m */ = {isa = PBXFileReference; lastKnownFileType = sourcecode.c.objc; path = GoTuTests.m; sourceTree = "<group>"; };
		E0E64400A2834000BA640E49 /* libPods.a */ = {isa = PBXFileReference; explicitFileType = archive.ar; includeInIndex = 0; path = libPods.a; sourceTree = BUILT_PRODUCTS_DIR; };
/* End PBXFileReference section */

/* Begin PBXFrameworksBuildPhase section */
		70E3152C184477240045E4B8 /* Frameworks */ = {
			isa = PBXFrameworksBuildPhase;
			buildActionMask = 2147483647;
			files = (
				70E31535184477240045E4B8 /* CoreGraphics.framework in Frameworks */,
				70E31537184477240045E4B8 /* UIKit.framework in Frameworks */,
				70E31533184477240045E4B8 /* Foundation.framework in Frameworks */,
				98D1ACD4EA3949D980684B22 /* libPods.a in Frameworks */,
			);
			runOnlyForDeploymentPostprocessing = 0;
		};
		70E31547184477240045E4B8 /* Frameworks */ = {
			isa = PBXFrameworksBuildPhase;
			buildActionMask = 2147483647;
			files = (
				70E3154C184477240045E4B8 /* XCTest.framework in Frameworks */,
				70E3154E184477240045E4B8 /* UIKit.framework in Frameworks */,
				70E3154D184477240045E4B8 /* Foundation.framework in Frameworks */,
			);
			runOnlyForDeploymentPostprocessing = 0;
		};
/* End PBXFrameworksBuildPhase section */

/* Begin PBXGroup section */
		70CFDBE31844A4A600F0B6D7 /* drowBoard */ = {
			isa = PBXGroup;
			children = (
				709DC0E91844AD9A0073F1B1 /* drawingBoardView.h */,
				709DC0EA1844AD9A0073F1B1 /* drawingBoardView.m */,
				60F3D1B21844EEFB00BBF467 /* temp.jpg */,
				709DC0EB1844AD9A0073F1B1 /* CGPointExtension.h */,
				709DC0EC1844AD9A0073F1B1 /* CGPointExtension.m */,
			);
			name = drowBoard;
			sourceTree = "<group>";
		};
		70E31526184477240045E4B8 = {
			isa = PBXGroup;
			children = (
				70E31538184477240045E4B8 /* GoTu */,
				70E31551184477240045E4B8 /* GoTuTests */,
				70E31531184477240045E4B8 /* Frameworks */,
				70E31530184477240045E4B8 /* Products */,
				1381D8A738FB44D1BDE718F5 /* Pods.xcconfig */,
			);
			sourceTree = "<group>";
		};
		70E31530184477240045E4B8 /* Products */ = {
			isa = PBXGroup;
			children = (
				70E3152F184477240045E4B8 /* GoTu.app */,
				70E3154A184477240045E4B8 /* GoTuTests.xctest */,
			);
			name = Products;
			sourceTree = "<group>";
		};
		70E31531184477240045E4B8 /* Frameworks */ = {
			isa = PBXGroup;
			children = (
				70E31532184477240045E4B8 /* Foundation.framework */,
				70E31534184477240045E4B8 /* CoreGraphics.framework */,
				70E31536184477240045E4B8 /* UIKit.framework */,
				70E3154B184477240045E4B8 /* XCTest.framework */,
				E0E64400A2834000BA640E49 /* libPods.a */,
			);
			name = Frameworks;
			sourceTree = "<group>";
		};
		70E31538184477240045E4B8 /* GoTu */ = {
			isa = PBXGroup;
			children = (
				70E31541184477240045E4B8 /* AppDelegate.h */,
				70E31542184477240045E4B8 /* AppDelegate.m */,
				70CA425618449E1700CDEAEA /* rootViewController.h */,
				70CA425718449E1700CDEAEA /* rootViewController.m */,
				70CA425818449E1700CDEAEA /* rootViewController.xib */,
				70CFDBE31844A4A600F0B6D7 /* drowBoard */,
				70E31544184477240045E4B8 /* Images.xcassets */,
				70E31539184477240045E4B8 /* Supporting Files */,
			);
			path = GoTu;
			sourceTree = "<group>";
		};
		70E31539184477240045E4B8 /* Supporting Files */ = {
			isa = PBXGroup;
			children = (
				70E3153A184477240045E4B8 /* GoTu-Info.plist */,
				70E3153B184477240045E4B8 /* InfoPlist.strings */,
				70E3153E184477240045E4B8 /* main.m */,
				70E31540184477240045E4B8 /* GoTu-Prefix.pch */,
			);
			name = "Supporting Files";
			sourceTree = "<group>";
		};
		70E31551184477240045E4B8 /* GoTuTests */ = {
			isa = PBXGroup;
			children = (
				70E31557184477240045E4B8 /* GoTuTests.m */,
				70E31552184477240045E4B8 /* Supporting Files */,
			);
			path = GoTuTests;
			sourceTree = "<group>";
		};
		70E31552184477240045E4B8 /* Supporting Files */ = {
			isa = PBXGroup;
			children = (
				70E31553184477240045E4B8 /* GoTuTests-Info.plist */,
				70E31554184477240045E4B8 /* InfoPlist.strings */,
			);
			name = "Supporting Files";
			sourceTree = "<group>";
		};
/* End PBXGroup section */

/* Begin PBXNativeTarget section */
		70E3152E184477240045E4B8 /* GoTu */ = {
			isa = PBXNativeTarget;
			buildConfigurationList = 70E3155B184477240045E4B8 /* Build configuration list for PBXNativeTarget "GoTu" */;
			buildPhases = (
				68578517660E4862A9C1E9E9 /* Check Pods Manifest.lock */,
				70E3152B184477240045E4B8 /* Sources */,
				70E3152C184477240045E4B8 /* Frameworks */,
				70E3152D184477240045E4B8 /* Resources */,
				3377D3C1C94943D5A2D24F38 /* Copy Pods Resources */,
			);
			buildRules = (
			);
			dependencies = (
			);
			name = GoTu;
			productName = GoTu;
			productReference = 70E3152F184477240045E4B8 /* GoTu.app */;
			productType = "com.apple.product-type.application";
		};
		70E31549184477240045E4B8 /* GoTuTests */ = {
			isa = PBXNativeTarget;
			buildConfigurationList = 70E3155E184477240045E4B8 /* Build configuration list for PBXNativeTarget "GoTuTests" */;
			buildPhases = (
				70E31546184477240045E4B8 /* Sources */,
				70E31547184477240045E4B8 /* Frameworks */,
				70E31548184477240045E4B8 /* Resources */,
			);
			buildRules = (
			);
			dependencies = (
				70E31550184477240045E4B8 /* PBXTargetDependency */,
			);
			name = GoTuTests;
			productName = GoTuTests;
			productReference = 70E3154A184477240045E4B8 /* GoTuTests.xctest */;
			productType = "com.apple.product-type.bundle.unit-test";
		};
/* End PBXNativeTarget section */

/* Begin PBXProject section */
		70E31527184477240045E4B8 /* Project object */ = {
			isa = PBXProject;
			attributes = {
				LastUpgradeCheck = 0500;
				ORGANIZATIONNAME = vince;
				TargetAttributes = {
					70E31549184477240045E4B8 = {
						TestTargetID = 70E3152E184477240045E4B8;
					};
				};
			};
			buildConfigurationList = 70E3152A184477240045E4B8 /* Build configuration list for PBXProject "GoTu" */;
			compatibilityVersion = "Xcode 3.2";
			developmentRegion = English;
			hasScannedForEncodings = 0;
			knownRegions = (
				en,
			);
			mainGroup = 70E31526184477240045E4B8;
			productRefGroup = 70E31530184477240045E4B8 /* Products */;
			projectDirPath = "";
			projectRoot = "";
			targets = (
				70E3152E184477240045E4B8 /* GoTu */,
				70E31549184477240045E4B8 /* GoTuTests */,
			);
		};
/* End PBXProject section */

/* Begin PBXResourcesBuildPhase section */
		70E3152D184477240045E4B8 /* Resources */ = {
			isa = PBXResourcesBuildPhase;
			buildActionMask = 2147483647;
			files = (
				70E3153D184477240045E4B8 /* InfoPlist.strings in Resources */,
				60F3D1B31844EEFB00BBF467 /* temp.jpg in Resources */,
				70E31545184477240045E4B8 /* Images.xcassets in Resources */,
				70CA425A18449E1700CDEAEA /* rootViewController.xib in Resources */,
			);
			runOnlyForDeploymentPostprocessing = 0;
		};
		70E31548184477240045E4B8 /* Resources */ = {
			isa = PBXResourcesBuildPhase;
			buildActionMask = 2147483647;
			files = (
				70E31556184477240045E4B8 /* InfoPlist.strings in Resources */,
			);
			runOnlyForDeploymentPostprocessing = 0;
		};
/* End PBXResourcesBuildPhase section */

/* Begin PBXShellScriptBuildPhase section */
		3377D3C1C94943D5A2D24F38 /* Copy Pods Resources */ = {
			isa = PBXShellScriptBuildPhase;
			buildActionMask = 2147483647;
			files = (
			);
			inputPaths = (
			);
			name = "Copy Pods Resources";
			outputPaths = (
			);
			runOnlyForDeploymentPostprocessing = 0;
			shellPath = /bin/sh;
			shellScript = "\"${SRCROOT}/Pods/Pods-resources.sh\"\n";
			showEnvVarsInLog = 0;
		};
		68578517660E4862A9C1E9E9 /* Check Pods Manifest.lock */ = {
			isa = PBXShellScriptBuildPhase;
			buildActionMask = 2147483647;
			files = (
			);
			inputPaths = (
			);
			name = "Check Pods Manifest.lock";
			outputPaths = (
			);
			runOnlyForDeploymentPostprocessing = 0;
			shellPath = /bin/sh;
			shellScript = "diff \"${PODS_ROOT}/../Podfile.lock\" \"${PODS_ROOT}/Manifest.lock\" > /dev/null\nif [[ $? != 0 ]] ; then\n    cat << EOM\nerror: The sandbox is not in sync with the Podfile.lock. Run 'pod install' or update your CocoaPods installation.\nEOM\n    exit 1\nfi\n";
			showEnvVarsInLog = 0;
		};
/* End PBXShellScriptBuildPhase section */

/* Begin PBXSourcesBuildPhase section */
		70E3152B184477240045E4B8 /* Sources */ = {
			isa = PBXSourcesBuildPhase;
			buildActionMask = 2147483647;
			files = (
				709DC0ED1844AD9A0073F1B1 /* drawingBoardView.m in Sources */,
				709DC0EE1844AD9A0073F1B1 /* CGPointExtension.m in Sources */,
				70E31543184477240045E4B8 /* AppDelegate.m in Sources */,
				70CA425918449E1700CDEAEA /* rootViewController.m in Sources */,
				70E3153F184477240045E4B8 /* main.m in Sources */,
			);
			runOnlyForDeploymentPostprocessing = 0;
		};
		70E31546184477240045E4B8 /* Sources */ = {
			isa = PBXSourcesBuildPhase;
			buildActionMask = 2147483647;
			files = (
				70E31558184477240045E4B8 /* GoTuTests.m in Sources */,
			);
			runOnlyForDeploymentPostprocessing = 0;
		};
/* End PBXSourcesBuildPhase section */

/* Begin PBXTargetDependency section */
		70E31550184477240045E4B8 /* PBXTargetDependency */ = {
			isa = PBXTargetDependency;
			target = 70E3152E184477240045E4B8 /* GoTu */;
			targetProxy = 70E3154F184477240045E4B8 /* PBXContainerItemProxy */;
		};
/* End PBXTargetDependency section */

/* Begin PBXVariantGroup section */
		70E3153B184477240045E4B8 /* InfoPlist.strings */ = {
			isa = PBXVariantGroup;
			children = (
				70E3153C184477240045E4B8 /* en */,
			);
			name = InfoPlist.strings;
			sourceTree = "<group>";
		};
		70E31554184477240045E4B8 /* InfoPlist.strings */ = {
			isa = PBXVariantGroup;
			children = (
				70E31555184477240045E4B8 /* en */,
			);
			name = InfoPlist.strings;
			sourceTree = "<group>";
		};
/* End PBXVariantGroup section */

/* Begin XCBuildConfiguration section */
		70E31559184477240045E4B8 /* Debug */ = {
			isa = XCBuildConfiguration;
			buildSettings = {
				ALWAYS_SEARCH_USER_PATHS = NO;
				ARCHS = "$(ARCHS_STANDARD_INCLUDING_64_BIT)";
				CLANG_CXX_LANGUAGE_STANDARD = "gnu++0x";
				CLANG_CXX_LIBRARY = "libc++";
				CLANG_ENABLE_MODULES = YES;
				CLANG_ENABLE_OBJC_ARC = YES;
				CLANG_WARN_BOOL_CONVERSION = YES;
				CLANG_WARN_CONSTANT_CONVERSION = YES;
				CLANG_WARN_DIRECT_OBJC_ISA_USAGE = YES_ERROR;
				CLANG_WARN_EMPTY_BODY = YES;
				CLANG_WARN_ENUM_CONVERSION = YES;
				CLANG_WARN_INT_CONVERSION = YES;
				CLANG_WARN_OBJC_ROOT_CLASS = YES_ERROR;
				CLANG_WARN__DUPLICATE_METHOD_MATCH = YES;
				"CODE_SIGN_IDENTITY[sdk=iphoneos*]" = "iPhone Developer";
				COPY_PHASE_STRIP = NO;
				GCC_C_LANGUAGE_STANDARD = gnu99;
				GCC_DYNAMIC_NO_PIC = NO;
				GCC_OPTIMIZATION_LEVEL = 0;
				GCC_PREPROCESSOR_DEFINITIONS = (
					"DEBUG=1",
					"$(inherited)",
				);
				GCC_SYMBOLS_PRIVATE_EXTERN = NO;
				GCC_WARN_64_TO_32_BIT_CONVERSION = YES;
				GCC_WARN_ABOUT_RETURN_TYPE = YES_ERROR;
				GCC_WARN_UNDECLARED_SELECTOR = YES;
				GCC_WARN_UNINITIALIZED_AUTOS = YES;
				GCC_WARN_UNUSED_FUNCTION = YES;
				GCC_WARN_UNUSED_VARIABLE = YES;
				IPHONEOS_DEPLOYMENT_TARGET = 7.0;
				ONLY_ACTIVE_ARCH = YES;
				SDKROOT = iphoneos;
			};
			name = Debug;
		};
		70E3155A184477240045E4B8 /* Release */ = {
			isa = XCBuildConfiguration;
			buildSettings = {
				ALWAYS_SEARCH_USER_PATHS = NO;
				ARCHS = "$(ARCHS_STANDARD_INCLUDING_64_BIT)";
				CLANG_CXX_LANGUAGE_STANDARD = "gnu++0x";
				CLANG_CXX_LIBRARY = "libc++";
				CLANG_ENABLE_MODULES = YES;
				CLANG_ENABLE_OBJC_ARC = YES;
				CLANG_WARN_BOOL_CONVERSION = YES;
				CLANG_WARN_CONSTANT_CONVERSION = YES;
				CLANG_WARN_DIRECT_OBJC_ISA_USAGE = YES_ERROR;
				CLANG_WARN_EMPTY_BODY = YES;
				CLANG_WARN_ENUM_CONVERSION = YES;
				CLANG_WARN_INT_CONVERSION = YES;
				CLANG_WARN_OBJC_ROOT_CLASS = YES_ERROR;
				CLANG_WARN__DUPLICATE_METHOD_MATCH = YES;
				"CODE_SIGN_IDENTITY[sdk=iphoneos*]" = "iPhone Developer";
				COPY_PHASE_STRIP = YES;
				ENABLE_NS_ASSERTIONS = NO;
				GCC_C_LANGUAGE_STANDARD = gnu99;
				GCC_WARN_64_TO_32_BIT_CONVERSION = YES;
				GCC_WARN_ABOUT_RETURN_TYPE = YES_ERROR;
				GCC_WARN_UNDECLARED_SELECTOR = YES;
				GCC_WARN_UNINITIALIZED_AUTOS = YES;
				GCC_WARN_UNUSED_FUNCTION = YES;
				GCC_WARN_UNUSED_VARIABLE = YES;
				IPHONEOS_DEPLOYMENT_TARGET = 7.0;
				SDKROOT = iphoneos;
				VALIDATE_PRODUCT = YES;
			};
			name = Release;
		};
		70E3155C184477240045E4B8 /* Debug */ = {
			isa = XCBuildConfiguration;
			baseConfigurationReference = 1381D8A738FB44D1BDE718F5 /* Pods.xcconfig */;
			buildSettings = {
				ASSETCATALOG_COMPILER_APPICON_NAME = AppIcon;
				ASSETCATALOG_COMPILER_LAUNCHIMAGE_NAME = LaunchImage;
				GCC_PRECOMPILE_PREFIX_HEADER = YES;
				GCC_PREFIX_HEADER = "GoTu/GoTu-Prefix.pch";
				INFOPLIST_FILE = "GoTu/GoTu-Info.plist";
				PRODUCT_NAME = "$(TARGET_NAME)";
				WRAPPER_EXTENSION = app;
			};
			name = Debug;
		};
		70E3155D184477240045E4B8 /* Release */ = {
			isa = XCBuildConfiguration;
			baseConfigurationReference = 1381D8A738FB44D1BDE718F5 /* Pods.xcconfig */;
			buildSettings = {
				ASSETCATALOG_COMPILER_APPICON_NAME = AppIcon;
				ASSETCATALOG_COMPILER_LAUNCHIMAGE_NAME = LaunchImage;
				GCC_PRECOMPILE_PREFIX_HEADER = YES;
				GCC_PREFIX_HEADER = "GoTu/GoTu-Prefix.pch";
				INFOPLIST_FILE = "GoTu/GoTu-Info.plist";
				PRODUCT_NAME = "$(TARGET_NAME)";
				WRAPPER_EXTENSION = app;
			};
			name = Release;
		};
		70E3155F184477240045E4B8 /* Debug */ = {
			isa = XCBuildConfiguration;
			buildSettings = {
				ARCHS = "$(ARCHS_STANDARD_INCLUDING_64_BIT)";
				BUNDLE_LOADER = "$(BUILT_PRODUCTS_DIR)/GoTu.app/GoTu";
				FRAMEWORK_SEARCH_PATHS = (
					"$(SDKROOT)/Developer/Library/Frameworks",
					"$(inherited)",
					"$(DEVELOPER_FRAMEWORKS_DIR)",
				);
				GCC_PRECOMPILE_PREFIX_HEADER = YES;
				GCC_PREFIX_HEADER = "GoTu/GoTu-Prefix.pch";
				GCC_PREPROCESSOR_DEFINITIONS = (
					"DEBUG=1",
					"$(inherited)",
				);
				INFOPLIST_FILE = "GoTuTests/GoTuTests-Info.plist";
				PRODUCT_NAME = "$(TARGET_NAME)";
				TEST_HOST = "$(BUNDLE_LOADER)";
				WRAPPER_EXTENSION = xctest;
			};
			name = Debug;
		};
		70E31560184477240045E4B8 /* Release */ = {
			isa = XCBuildConfiguration;
			buildSettings = {
				ARCHS = "$(ARCHS_STANDARD_INCLUDING_64_BIT)";
				BUNDLE_LOADER = "$(BUILT_PRODUCTS_DIR)/GoTu.app/GoTu";
				FRAMEWORK_SEARCH_PATHS = (
					"$(SDKROOT)/Developer/Library/Frameworks",
					"$(inherited)",
					"$(DEVELOPER_FRAMEWORKS_DIR)",
				);
				GCC_PRECOMPILE_PREFIX_HEADER = YES;
				GCC_PREFIX_HEADER = "GoTu/GoTu-Prefix.pch";
				INFOPLIST_FILE = "GoTuTests/GoTuTests-Info.plist";
				PRODUCT_NAME = "$(TARGET_NAME)";
				TEST_HOST = "$(BUNDLE_LOADER)";
				WRAPPER_EXTENSION = xctest;
			};
			name = Release;
		};
/* End XCBuildConfiguration section */

/* Begin XCConfigurationList section */
		70E3152A184477240045E4B8 /* Build configuration list for PBXProject "GoTu" */ = {
			isa = XCConfigurationList;
			buildConfigurations = (
				70E31559184477240045E4B8 /* Debug */,
				70E3155A184477240045E4B8 /* Release */,
			);
			defaultConfigurationIsVisible = 0;
			defaultConfigurationName = Release;
		};
		70E3155B184477240045E4B8 /* Build configuration list for PBXNativeTarget "GoTu" */ = {
			isa = XCConfigurationList;
			buildConfigurations = (
				70E3155C184477240045E4B8 /* Debug */,
				70E3155D184477240045E4B8 /* Release */,
			);
			defaultConfigurationIsVisible = 0;
			defaultConfigurationName = Release;
		};
		70E3155E184477240045E4B8 /* Build configuration list for PBXNativeTarget "GoTuTests" */ = {
			isa = XCConfigurationList;
			buildConfigurations = (
				70E3155F184477240045E4B8 /* Debug */,
				70E31560184477240045E4B8 /* Release */,
			);
			defaultConfigurationIsVisible = 0;
			defaultConfigurationName = Release;
		};
/* End XCConfigurationList section */
	};
	rootObject = 70E31527184477240045E4B8 /* Project object */;
}
